// !$*UTF8*$!
{
	archiveVersion = 1;
	classes = {
	};
	objectVersion = 56;
	objects = {

/* Begin PBXBuildFile section */
		224D9E002AAC61FA0054D89D /* FirebaseFirestore in Frameworks */ = {isa = PBXBuildFile; productRef = 224D9DFF2AAC61FA0054D89D /* FirebaseFirestore */; };
		224D9E022AAC62000054D89D /* FirebaseFirestoreSwift in Frameworks */ = {isa = PBXBuildFile; productRef = 224D9E012AAC62000054D89D /* FirebaseFirestoreSwift */; };
		2263B7CA2AAA61440002E77E /* TasQuestTests.swift in Sources */ = {isa = PBXBuildFile; fileRef = 2263B7AA2AAA61440002E77E /* TasQuestTests.swift */; };
		2263B7CB2AAA61440002E77E /* TasQuestUITestsLaunchTests.swift in Sources */ = {isa = PBXBuildFile; fileRef = 2263B7AC2AAA61440002E77E /* TasQuestUITestsLaunchTests.swift */; };
		2263B7CC2AAA61440002E77E /* TasQuestUITests.swift in Sources */ = {isa = PBXBuildFile; fileRef = 2263B7AD2AAA61440002E77E /* TasQuestUITests.swift */; };
		2263B7CD2AAA61440002E77E /* SettingViewModel.swift in Sources */ = {isa = PBXBuildFile; fileRef = 2263B7B02AAA61440002E77E /* SettingViewModel.swift */; };
		2263B7CE2AAA61440002E77E /* TaskViewModel.swift in Sources */ = {isa = PBXBuildFile; fileRef = 2263B7B12AAA61440002E77E /* TaskViewModel.swift */; };
		2263B7CF2AAA61440002E77E /* SignInEmailViewModel.swift in Sources */ = {isa = PBXBuildFile; fileRef = 2263B7B22AAA61440002E77E /* SignInEmailViewModel.swift */; };
		2263B7D02AAA61440002E77E /* CustomEasing.swift in Sources */ = {isa = PBXBuildFile; fileRef = 2263B7B42AAA61440002E77E /* CustomEasing.swift */; };
		2263B7D12AAA61440002E77E /* CADisplayLink+.swift in Sources */ = {isa = PBXBuildFile; fileRef = 2263B7B52AAA61440002E77E /* CADisplayLink+.swift */; };
		2263B7D22AAA61440002E77E /* AuthenticationManager.swift in Sources */ = {isa = PBXBuildFile; fileRef = 2263B7B62AAA61440002E77E /* AuthenticationManager.swift */; };
		2263B7D32AAA61440002E77E /* Assets.xcassets in Resources */ = {isa = PBXBuildFile; fileRef = 2263B7B72AAA61440002E77E /* Assets.xcassets */; };
		2263B7D42AAA61440002E77E /* GoogleService-Info.plist in Resources */ = {isa = PBXBuildFile; fileRef = 2263B7B82AAA61440002E77E /* GoogleService-Info.plist */; };
		2263B7D52AAA61440002E77E /* Preview Assets.xcassets in Resources */ = {isa = PBXBuildFile; fileRef = 2263B7BA2AAA61440002E77E /* Preview Assets.xcassets */; };
		2263B7D62AAA61440002E77E /* AppData.swift in Sources */ = {isa = PBXBuildFile; fileRef = 2263B7BC2AAA61440002E77E /* AppData.swift */; };
		2263B7D72AAA61440002E77E /* Goal.swift in Sources */ = {isa = PBXBuildFile; fileRef = 2263B7BD2AAA61440002E77E /* Goal.swift */; };
		2263B7D82AAA61440002E77E /* TasQuestTask.swift in Sources */ = {isa = PBXBuildFile; fileRef = 2263B7BE2AAA61440002E77E /* TasQuestTask.swift */; };
		2263B7D92AAA61440002E77E /* Status.swift in Sources */ = {isa = PBXBuildFile; fileRef = 2263B7BF2AAA61440002E77E /* Status.swift */; };
		2263B7DA2AAA61440002E77E /* Tag.swift in Sources */ = {isa = PBXBuildFile; fileRef = 2263B7C02AAA61440002E77E /* Tag.swift */; };
		2263B7DB2AAA61440002E77E /* AuthDataResultModel.swift in Sources */ = {isa = PBXBuildFile; fileRef = 2263B7C12AAA61440002E77E /* AuthDataResultModel.swift */; };
		2263B7DD2AAA61440002E77E /* TaskView.swift in Sources */ = {isa = PBXBuildFile; fileRef = 2263B7C42AAA61440002E77E /* TaskView.swift */; };
		2263B7DE2AAA61440002E77E /* AuthenticationView.swift in Sources */ = {isa = PBXBuildFile; fileRef = 2263B7C52AAA61440002E77E /* AuthenticationView.swift */; };
		2263B7DF2AAA61440002E77E /* SignInEmailView.swift in Sources */ = {isa = PBXBuildFile; fileRef = 2263B7C62AAA61440002E77E /* SignInEmailView.swift */; };
		2263B7E02AAA61440002E77E /* SettingView.swift in Sources */ = {isa = PBXBuildFile; fileRef = 2263B7C72AAA61440002E77E /* SettingView.swift */; };
		2263B7E12AAA61440002E77E /* TasQuestApp.swift in Sources */ = {isa = PBXBuildFile; fileRef = 2263B7C82AAA61440002E77E /* TasQuestApp.swift */; };
		2263B7E52AAA616B0002E77E /* FirebaseAnalytics in Frameworks */ = {isa = PBXBuildFile; productRef = 2263B7E42AAA616B0002E77E /* FirebaseAnalytics */; };
		2263B7E72AAA616B0002E77E /* FirebaseAnalyticsSwift in Frameworks */ = {isa = PBXBuildFile; productRef = 2263B7E62AAA616B0002E77E /* FirebaseAnalyticsSwift */; };
		2263B7E92AAA616B0002E77E /* FirebaseAuth in Frameworks */ = {isa = PBXBuildFile; productRef = 2263B7E82AAA616B0002E77E /* FirebaseAuth */; };
		22D14EE82AACEEF800612AE4 /* SignUpEmailView.swift in Sources */ = {isa = PBXBuildFile; fileRef = 22D14EE72AACEEF800612AE4 /* SignUpEmailView.swift */; };
		22D14EEA2AACEF0D00612AE4 /* SignUpViewModel.swift in Sources */ = {isa = PBXBuildFile; fileRef = 22D14EE92AACEF0D00612AE4 /* SignUpViewModel.swift */; };
		22D14EEE2AAD54A400612AE4 /* PageModel.swift in Sources */ = {isa = PBXBuildFile; fileRef = 22D14EED2AAD54A400612AE4 /* PageModel.swift */; };
		22D14EF02AAD5AFE00612AE4 /* WelcomeView.swift in Sources */ = {isa = PBXBuildFile; fileRef = 22D14EEF2AAD5AFE00612AE4 /* WelcomeView.swift */; };
		22D14EF22AAD5BAA00612AE4 /* PageView.swift in Sources */ = {isa = PBXBuildFile; fileRef = 22D14EF12AAD5BAA00612AE4 /* PageView.swift */; };
		229830642AAC92ED00358866 /* Throttler.swift in Sources */ = {isa = PBXBuildFile; fileRef = 229830632AAC92ED00358866 /* Throttler.swift */; };
		A06244522AAC388B00ABD2DB /* FireStoreManager.swift in Sources */ = {isa = PBXBuildFile; fileRef = A06244512AAC388B00ABD2DB /* FireStoreManager.swift */; };
		A09724212AAADF2300752A07 /* StatusViewModel.swift in Sources */ = {isa = PBXBuildFile; fileRef = A09724202AAADF2300752A07 /* StatusViewModel.swift */; };
		A09724252AAADFD800752A07 /* StatusView.swift in Sources */ = {isa = PBXBuildFile; fileRef = A09724242AAADFD800752A07 /* StatusView.swift */; };
/* End PBXBuildFile section */

/* Begin PBXContainerItemProxy section */
		2263B75B2AAA60C70002E77E /* PBXContainerItemProxy */ = {
			isa = PBXContainerItemProxy;
			containerPortal = 2263B7422AAA60C50002E77E /* Project object */;
			proxyType = 1;
			remoteGlobalIDString = 2263B7492AAA60C50002E77E;
			remoteInfo = TasQuest;
		};
		2263B7652AAA60C70002E77E /* PBXContainerItemProxy */ = {
			isa = PBXContainerItemProxy;
			containerPortal = 2263B7422AAA60C50002E77E /* Project object */;
			proxyType = 1;
			remoteGlobalIDString = 2263B7492AAA60C50002E77E;
			remoteInfo = TasQuest;
		};
/* End PBXContainerItemProxy section */

/* Begin PBXFileReference section */
		2263B74A2AAA60C50002E77E /* TasQuest.app */ = {isa = PBXFileReference; explicitFileType = wrapper.application; includeInIndex = 0; path = TasQuest.app; sourceTree = BUILT_PRODUCTS_DIR; };
		2263B75A2AAA60C70002E77E /* TasQuestTests.xctest */ = {isa = PBXFileReference; explicitFileType = wrapper.cfbundle; includeInIndex = 0; path = TasQuestTests.xctest; sourceTree = BUILT_PRODUCTS_DIR; };
		2263B7642AAA60C70002E77E /* TasQuestUITests.xctest */ = {isa = PBXFileReference; explicitFileType = wrapper.cfbundle; includeInIndex = 0; path = TasQuestUITests.xctest; sourceTree = BUILT_PRODUCTS_DIR; };
		2263B7AA2AAA61440002E77E /* TasQuestTests.swift */ = {isa = PBXFileReference; fileEncoding = 4; lastKnownFileType = sourcecode.swift; path = TasQuestTests.swift; sourceTree = "<group>"; };
		2263B7AC2AAA61440002E77E /* TasQuestUITestsLaunchTests.swift */ = {isa = PBXFileReference; fileEncoding = 4; lastKnownFileType = sourcecode.swift; path = TasQuestUITestsLaunchTests.swift; sourceTree = "<group>"; };
		2263B7AD2AAA61440002E77E /* TasQuestUITests.swift */ = {isa = PBXFileReference; fileEncoding = 4; lastKnownFileType = sourcecode.swift; path = TasQuestUITests.swift; sourceTree = "<group>"; };
		2263B7B02AAA61440002E77E /* SettingViewModel.swift */ = {isa = PBXFileReference; fileEncoding = 4; lastKnownFileType = sourcecode.swift; path = SettingViewModel.swift; sourceTree = "<group>"; };
		2263B7B12AAA61440002E77E /* TaskViewModel.swift */ = {isa = PBXFileReference; fileEncoding = 4; lastKnownFileType = sourcecode.swift; path = TaskViewModel.swift; sourceTree = "<group>"; };
		2263B7B22AAA61440002E77E /* SignInEmailViewModel.swift */ = {isa = PBXFileReference; fileEncoding = 4; lastKnownFileType = sourcecode.swift; path = SignInEmailViewModel.swift; sourceTree = "<group>"; };
		2263B7B42AAA61440002E77E /* CustomEasing.swift */ = {isa = PBXFileReference; fileEncoding = 4; lastKnownFileType = sourcecode.swift; path = CustomEasing.swift; sourceTree = "<group>"; };
		2263B7B52AAA61440002E77E /* CADisplayLink+.swift */ = {isa = PBXFileReference; fileEncoding = 4; lastKnownFileType = sourcecode.swift; path = "CADisplayLink+.swift"; sourceTree = "<group>"; };
		2263B7B62AAA61440002E77E /* AuthenticationManager.swift */ = {isa = PBXFileReference; fileEncoding = 4; lastKnownFileType = sourcecode.swift; path = AuthenticationManager.swift; sourceTree = "<group>"; };
		2263B7B72AAA61440002E77E /* Assets.xcassets */ = {isa = PBXFileReference; lastKnownFileType = folder.assetcatalog; path = Assets.xcassets; sourceTree = "<group>"; };
		2263B7B82AAA61440002E77E /* GoogleService-Info.plist */ = {isa = PBXFileReference; fileEncoding = 4; lastKnownFileType = text.plist.xml; path = "GoogleService-Info.plist"; sourceTree = "<group>"; };
		2263B7BA2AAA61440002E77E /* Preview Assets.xcassets */ = {isa = PBXFileReference; lastKnownFileType = folder.assetcatalog; path = "Preview Assets.xcassets"; sourceTree = "<group>"; };
		2263B7BC2AAA61440002E77E /* AppData.swift */ = {isa = PBXFileReference; fileEncoding = 4; lastKnownFileType = sourcecode.swift; path = AppData.swift; sourceTree = "<group>"; };
		2263B7BD2AAA61440002E77E /* Goal.swift */ = {isa = PBXFileReference; fileEncoding = 4; lastKnownFileType = sourcecode.swift; path = Goal.swift; sourceTree = "<group>"; };
		2263B7BE2AAA61440002E77E /* TasQuestTask.swift */ = {isa = PBXFileReference; fileEncoding = 4; lastKnownFileType = sourcecode.swift; path = TasQuestTask.swift; sourceTree = "<group>"; };
		2263B7BF2AAA61440002E77E /* Status.swift */ = {isa = PBXFileReference; fileEncoding = 4; lastKnownFileType = sourcecode.swift; path = Status.swift; sourceTree = "<group>"; };
		2263B7C02AAA61440002E77E /* Tag.swift */ = {isa = PBXFileReference; fileEncoding = 4; lastKnownFileType = sourcecode.swift; path = Tag.swift; sourceTree = "<group>"; };
		2263B7C12AAA61440002E77E /* AuthDataResultModel.swift */ = {isa = PBXFileReference; fileEncoding = 4; lastKnownFileType = sourcecode.swift; path = AuthDataResultModel.swift; sourceTree = "<group>"; };
		2263B7C42AAA61440002E77E /* TaskView.swift */ = {isa = PBXFileReference; fileEncoding = 4; lastKnownFileType = sourcecode.swift; path = TaskView.swift; sourceTree = "<group>"; };
		2263B7C52AAA61440002E77E /* AuthenticationView.swift */ = {isa = PBXFileReference; fileEncoding = 4; lastKnownFileType = sourcecode.swift; path = AuthenticationView.swift; sourceTree = "<group>"; };
		2263B7C62AAA61440002E77E /* SignInEmailView.swift */ = {isa = PBXFileReference; fileEncoding = 4; lastKnownFileType = sourcecode.swift; path = SignInEmailView.swift; sourceTree = "<group>"; };
		2263B7C72AAA61440002E77E /* SettingView.swift */ = {isa = PBXFileReference; fileEncoding = 4; lastKnownFileType = sourcecode.swift; path = SettingView.swift; sourceTree = "<group>"; };
		2263B7C82AAA61440002E77E /* TasQuestApp.swift */ = {isa = PBXFileReference; fileEncoding = 4; lastKnownFileType = sourcecode.swift; path = TasQuestApp.swift; sourceTree = "<group>"; };
		2263B7C92AAA61440002E77E /* ContentView.swift */ = {isa = PBXFileReference; fileEncoding = 4; lastKnownFileType = sourcecode.swift; path = ContentView.swift; sourceTree = "<group>"; };
		22D14EE72AACEEF800612AE4 /* SignUpEmailView.swift */ = {isa = PBXFileReference; lastKnownFileType = sourcecode.swift; path = SignUpEmailView.swift; sourceTree = "<group>"; };
		22D14EE92AACEF0D00612AE4 /* SignUpViewModel.swift */ = {isa = PBXFileReference; lastKnownFileType = sourcecode.swift; path = SignUpViewModel.swift; sourceTree = "<group>"; };
		22D14EED2AAD54A400612AE4 /* PageModel.swift */ = {isa = PBXFileReference; lastKnownFileType = sourcecode.swift; path = PageModel.swift; sourceTree = "<group>"; };
		22D14EEF2AAD5AFE00612AE4 /* WelcomeView.swift */ = {isa = PBXFileReference; lastKnownFileType = sourcecode.swift; path = WelcomeView.swift; sourceTree = "<group>"; };
		22D14EF12AAD5BAA00612AE4 /* PageView.swift */ = {isa = PBXFileReference; lastKnownFileType = sourcecode.swift; path = PageView.swift; sourceTree = "<group>"; };
		229830632AAC92ED00358866 /* Throttler.swift */ = {isa = PBXFileReference; lastKnownFileType = sourcecode.swift; path = Throttler.swift; sourceTree = "<group>"; };
		A06244512AAC388B00ABD2DB /* FireStoreManager.swift */ = {isa = PBXFileReference; lastKnownFileType = sourcecode.swift; path = FireStoreManager.swift; sourceTree = "<group>"; };
		A09724202AAADF2300752A07 /* StatusViewModel.swift */ = {isa = PBXFileReference; lastKnownFileType = sourcecode.swift; path = StatusViewModel.swift; sourceTree = "<group>"; };
		A09724242AAADFD800752A07 /* StatusView.swift */ = {isa = PBXFileReference; lastKnownFileType = sourcecode.swift; path = StatusView.swift; sourceTree = "<group>"; };
/* End PBXFileReference section */

/* Begin PBXFrameworksBuildPhase section */
		2263B7472AAA60C50002E77E /* Frameworks */ = {
			isa = PBXFrameworksBuildPhase;
			buildActionMask = 2147483647;
			files = (
				224D9E022AAC62000054D89D /* FirebaseFirestoreSwift in Frameworks */,
				2263B7E72AAA616B0002E77E /* FirebaseAnalyticsSwift in Frameworks */,
				224D9E002AAC61FA0054D89D /* FirebaseFirestore in Frameworks */,
				2263B7E92AAA616B0002E77E /* FirebaseAuth in Frameworks */,
				2263B7E52AAA616B0002E77E /* FirebaseAnalytics in Frameworks */,
			);
			runOnlyForDeploymentPostprocessing = 0;
		};
		2263B7572AAA60C70002E77E /* Frameworks */ = {
			isa = PBXFrameworksBuildPhase;
			buildActionMask = 2147483647;
			files = (
			);
			runOnlyForDeploymentPostprocessing = 0;
		};
		2263B7612AAA60C70002E77E /* Frameworks */ = {
			isa = PBXFrameworksBuildPhase;
			buildActionMask = 2147483647;
			files = (
			);
			runOnlyForDeploymentPostprocessing = 0;
		};
/* End PBXFrameworksBuildPhase section */

/* Begin PBXGroup section */
		224D9DFE2AAC61FA0054D89D /* Frameworks */ = {
			isa = PBXGroup;
			children = (
			);
			name = Frameworks;
			sourceTree = "<group>";
		};
		2263B7412AAA60C50002E77E = {
			isa = PBXGroup;
			children = (
				2263B7AE2AAA61440002E77E /* TasQuest */,
				2263B7A92AAA61440002E77E /* TasQuestTests */,
				2263B7AB2AAA61440002E77E /* TasQuestUITests */,
				2263B74B2AAA60C50002E77E /* Products */,
				224D9DFE2AAC61FA0054D89D /* Frameworks */,
			);
			sourceTree = "<group>";
		};
		2263B74B2AAA60C50002E77E /* Products */ = {
			isa = PBXGroup;
			children = (
				2263B74A2AAA60C50002E77E /* TasQuest.app */,
				2263B75A2AAA60C70002E77E /* TasQuestTests.xctest */,
				2263B7642AAA60C70002E77E /* TasQuestUITests.xctest */,
			);
			name = Products;
			sourceTree = "<group>";
		};
		2263B7A92AAA61440002E77E /* TasQuestTests */ = {
			isa = PBXGroup;
			children = (
				2263B7AA2AAA61440002E77E /* TasQuestTests.swift */,
			);
			path = TasQuestTests;
			sourceTree = "<group>";
		};
		2263B7AB2AAA61440002E77E /* TasQuestUITests */ = {
			isa = PBXGroup;
			children = (
				2263B7AC2AAA61440002E77E /* TasQuestUITestsLaunchTests.swift */,
				2263B7AD2AAA61440002E77E /* TasQuestUITests.swift */,
			);
			path = TasQuestUITests;
			sourceTree = "<group>";
		};
		2263B7AE2AAA61440002E77E /* TasQuest */ = {
			isa = PBXGroup;
			children = (
				2263B7BB2AAA61440002E77E /* Model */,
				2263B7B32AAA61440002E77E /* Module */,
				2263B7AF2AAA61440002E77E /* ViewModel */,
				2263B7C22AAA61440002E77E /* View */,
				229830612AAC77E100358866 /* src */,
				2263B7B72AAA61440002E77E /* Assets.xcassets */,
				2263B7B82AAA61440002E77E /* GoogleService-Info.plist */,
				2263B7B92AAA61440002E77E /* Preview Content */,
				2263B7C82AAA61440002E77E /* TasQuestApp.swift */,
			);
			path = TasQuest;
			sourceTree = "<group>";
		};
		2263B7AF2AAA61440002E77E /* ViewModel */ = {
			isa = PBXGroup;
			children = (
				22D14EEB2AAD548600612AE4 /* WelcomeView */,
				2263B7B02AAA61440002E77E /* SettingViewModel.swift */,
				2263B7B12AAA61440002E77E /* TaskViewModel.swift */,
				2263B7B22AAA61440002E77E /* SignInEmailViewModel.swift */,
				A09724202AAADF2300752A07 /* StatusViewModel.swift */,
				22D14EE92AACEF0D00612AE4 /* SignUpViewModel.swift */,
			);
			path = ViewModel;
			sourceTree = "<group>";
		};
		2263B7B32AAA61440002E77E /* Module */ = {
			isa = PBXGroup;
			children = (
				2263B7B42AAA61440002E77E /* CustomEasing.swift */,
				A06244512AAC388B00ABD2DB /* FireStoreManager.swift */,
				2263B7B52AAA61440002E77E /* CADisplayLink+.swift */,
				2263B7B62AAA61440002E77E /* AuthenticationManager.swift */,
				229830632AAC92ED00358866 /* Throttler.swift */,
			);
			path = Module;
			sourceTree = "<group>";
		};
		2263B7B92AAA61440002E77E /* Preview Content */ = {
			isa = PBXGroup;
			children = (
				2263B7BA2AAA61440002E77E /* Preview Assets.xcassets */,
			);
			path = "Preview Content";
			sourceTree = "<group>";
		};
		2263B7BB2AAA61440002E77E /* Model */ = {
			isa = PBXGroup;
			children = (
				22D14EEC2AAD549000612AE4 /* WelcomeView */,
				2263B7BC2AAA61440002E77E /* AppData.swift */,
				2263B7BD2AAA61440002E77E /* Goal.swift */,
				2263B7BE2AAA61440002E77E /* TasQuestTask.swift */,
				2263B7BF2AAA61440002E77E /* Status.swift */,
				2263B7C02AAA61440002E77E /* Tag.swift */,
				2263B7C12AAA61440002E77E /* AuthDataResultModel.swift */,
			);
			path = Model;
			sourceTree = "<group>";
		};
		2263B7C22AAA61440002E77E /* View */ = {
			isa = PBXGroup;
			children = (
				2263B7C42AAA61440002E77E /* TaskView.swift */,
				2263B7C52AAA61440002E77E /* AuthenticationView.swift */,
				2263B7C62AAA61440002E77E /* SignInEmailView.swift */,
				2263B7C72AAA61440002E77E /* SettingView.swift */,
				A09724242AAADFD800752A07 /* StatusView.swift */,
				22D14EE72AACEEF800612AE4 /* SignUpEmailView.swift */,
				22D14EEF2AAD5AFE00612AE4 /* WelcomeView.swift */,
				22D14EF12AAD5BAA00612AE4 /* PageView.swift */,
			);
			path = View;
			sourceTree = "<group>";
		};
		22D14EEB2AAD548600612AE4 /* WelcomeView */ = {
			isa = PBXGroup;
			children = (
			);
			name = WelcomeView;
			path = TasQuest/View/WelcomeView;
			sourceTree = SOURCE_ROOT;
		};
		22D14EEC2AAD549000612AE4 /* WelcomeView */ = {
			isa = PBXGroup;
			children = (
				22D14EED2AAD54A400612AE4 /* PageModel.swift */,
			);
			path = WelcomeView;
		229830612AAC77E100358866 /* src */ = {
			isa = PBXGroup;
			children = (
				229830622AAC77EA00358866 /* MVVM */,
			);
			path = src;
			sourceTree = "<group>";
		};
		229830622AAC77EA00358866 /* MVVM */ = {
			isa = PBXGroup;
			children = (
			);
			path = MVVM;
			sourceTree = "<group>";
		};
/* End PBXGroup section */

/* Begin PBXNativeTarget section */
		2263B7492AAA60C50002E77E /* TasQuest */ = {
			isa = PBXNativeTarget;
			buildConfigurationList = 2263B76E2AAA60C70002E77E /* Build configuration list for PBXNativeTarget "TasQuest" */;
			buildPhases = (
				2263B7462AAA60C50002E77E /* Sources */,
				2263B7472AAA60C50002E77E /* Frameworks */,
				2263B7482AAA60C50002E77E /* Resources */,
			);
			buildRules = (
			);
			dependencies = (
			);
			name = TasQuest;
			packageProductDependencies = (
				2263B7E42AAA616B0002E77E /* FirebaseAnalytics */,
				2263B7E62AAA616B0002E77E /* FirebaseAnalyticsSwift */,
				2263B7E82AAA616B0002E77E /* FirebaseAuth */,
				224D9DFF2AAC61FA0054D89D /* FirebaseFirestore */,
				224D9E012AAC62000054D89D /* FirebaseFirestoreSwift */,
			);
			productName = TasQuest;
			productReference = 2263B74A2AAA60C50002E77E /* TasQuest.app */;
			productType = "com.apple.product-type.application";
		};
		2263B7592AAA60C70002E77E /* TasQuestTests */ = {
			isa = PBXNativeTarget;
			buildConfigurationList = 2263B7712AAA60C70002E77E /* Build configuration list for PBXNativeTarget "TasQuestTests" */;
			buildPhases = (
				2263B7562AAA60C70002E77E /* Sources */,
				2263B7572AAA60C70002E77E /* Frameworks */,
				2263B7582AAA60C70002E77E /* Resources */,
			);
			buildRules = (
			);
			dependencies = (
				2263B75C2AAA60C70002E77E /* PBXTargetDependency */,
			);
			name = TasQuestTests;
			productName = TasQuestTests;
			productReference = 2263B75A2AAA60C70002E77E /* TasQuestTests.xctest */;
			productType = "com.apple.product-type.bundle.unit-test";
		};
		2263B7632AAA60C70002E77E /* TasQuestUITests */ = {
			isa = PBXNativeTarget;
			buildConfigurationList = 2263B7742AAA60C70002E77E /* Build configuration list for PBXNativeTarget "TasQuestUITests" */;
			buildPhases = (
				2263B7602AAA60C70002E77E /* Sources */,
				2263B7612AAA60C70002E77E /* Frameworks */,
				2263B7622AAA60C70002E77E /* Resources */,
			);
			buildRules = (
			);
			dependencies = (
				2263B7662AAA60C70002E77E /* PBXTargetDependency */,
			);
			name = TasQuestUITests;
			productName = TasQuestUITests;
			productReference = 2263B7642AAA60C70002E77E /* TasQuestUITests.xctest */;
			productType = "com.apple.product-type.bundle.ui-testing";
		};
/* End PBXNativeTarget section */

/* Begin PBXProject section */
		2263B7422AAA60C50002E77E /* Project object */ = {
			isa = PBXProject;
			attributes = {
				BuildIndependentTargetsInParallel = 1;
				LastSwiftUpdateCheck = 1430;
				LastUpgradeCheck = 1430;
				TargetAttributes = {
					2263B7492AAA60C50002E77E = {
						CreatedOnToolsVersion = 14.3.1;
					};
					2263B7592AAA60C70002E77E = {
						CreatedOnToolsVersion = 14.3.1;
						TestTargetID = 2263B7492AAA60C50002E77E;
					};
					2263B7632AAA60C70002E77E = {
						CreatedOnToolsVersion = 14.3.1;
						TestTargetID = 2263B7492AAA60C50002E77E;
					};
				};
			};
			buildConfigurationList = 2263B7452AAA60C50002E77E /* Build configuration list for PBXProject "TasQuest" */;
			compatibilityVersion = "Xcode 14.0";
			developmentRegion = en;
			hasScannedForEncodings = 0;
			knownRegions = (
				en,
				Base,
			);
			mainGroup = 2263B7412AAA60C50002E77E;
			packageReferences = (
				2263B7E32AAA616B0002E77E /* XCRemoteSwiftPackageReference "firebase-ios-sdk" */,
			);
			productRefGroup = 2263B74B2AAA60C50002E77E /* Products */;
			projectDirPath = "";
			projectRoot = "";
			targets = (
				2263B7492AAA60C50002E77E /* TasQuest */,
				2263B7592AAA60C70002E77E /* TasQuestTests */,
				2263B7632AAA60C70002E77E /* TasQuestUITests */,
			);
		};
/* End PBXProject section */

/* Begin PBXResourcesBuildPhase section */
		2263B7482AAA60C50002E77E /* Resources */ = {
			isa = PBXResourcesBuildPhase;
			buildActionMask = 2147483647;
			files = (
				2263B7D32AAA61440002E77E /* Assets.xcassets in Resources */,
				2263B7D52AAA61440002E77E /* Preview Assets.xcassets in Resources */,
				2263B7D42AAA61440002E77E /* GoogleService-Info.plist in Resources */,
			);
			runOnlyForDeploymentPostprocessing = 0;
		};
		2263B7582AAA60C70002E77E /* Resources */ = {
			isa = PBXResourcesBuildPhase;
			buildActionMask = 2147483647;
			files = (
			);
			runOnlyForDeploymentPostprocessing = 0;
		};
		2263B7622AAA60C70002E77E /* Resources */ = {
			isa = PBXResourcesBuildPhase;
			buildActionMask = 2147483647;
			files = (
			);
			runOnlyForDeploymentPostprocessing = 0;
		};
/* End PBXResourcesBuildPhase section */

/* Begin PBXSourcesBuildPhase section */
		2263B7462AAA60C50002E77E /* Sources */ = {
			isa = PBXSourcesBuildPhase;
			buildActionMask = 2147483647;
			files = (
				2263B7CC2AAA61440002E77E /* TasQuestUITests.swift in Sources */,
				2263B7E02AAA61440002E77E /* SettingView.swift in Sources */,
				22D14EEE2AAD54A400612AE4 /* PageModel.swift in Sources */,
				A09724252AAADFD800752A07 /* StatusView.swift in Sources */,
				2263B7CB2AAA61440002E77E /* TasQuestUITestsLaunchTests.swift in Sources */,
				2263B7D82AAA61440002E77E /* TasQuestTask.swift in Sources */,
				2263B7D12AAA61440002E77E /* CADisplayLink+.swift in Sources */,
				2263B7DF2AAA61440002E77E /* SignInEmailView.swift in Sources */,
				2263B7D22AAA61440002E77E /* AuthenticationManager.swift in Sources */,
				2263B7CA2AAA61440002E77E /* TasQuestTests.swift in Sources */,
				22D14EE82AACEEF800612AE4 /* SignUpEmailView.swift in Sources */,
				2263B7E12AAA61440002E77E /* TasQuestApp.swift in Sources */,
				2263B7CE2AAA61440002E77E /* TaskViewModel.swift in Sources */,
				2263B7D72AAA61440002E77E /* Goal.swift in Sources */,
				2263B7D02AAA61440002E77E /* CustomEasing.swift in Sources */,
				2263B7DD2AAA61440002E77E /* TaskView.swift in Sources */,
				A06244522AAC388B00ABD2DB /* FireStoreManager.swift in Sources */,
				229830642AAC92ED00358866 /* Throttler.swift in Sources */,
				2263B7DB2AAA61440002E77E /* AuthDataResultModel.swift in Sources */,
				22D14EF22AAD5BAA00612AE4 /* PageView.swift in Sources */,
				2263B7D92AAA61440002E77E /* Status.swift in Sources */,
				A09724212AAADF2300752A07 /* StatusViewModel.swift in Sources */,
				2263B7DA2AAA61440002E77E /* Tag.swift in Sources */,
				22D14EF02AAD5AFE00612AE4 /* WelcomeView.swift in Sources */,
				2263B7DE2AAA61440002E77E /* AuthenticationView.swift in Sources */,
				2263B7CD2AAA61440002E77E /* SettingViewModel.swift in Sources */,
				22D14EEA2AACEF0D00612AE4 /* SignUpViewModel.swift in Sources */,
				2263B7CF2AAA61440002E77E /* SignInEmailViewModel.swift in Sources */,
				2263B7D62AAA61440002E77E /* AppData.swift in Sources */,
			);
			runOnlyForDeploymentPostprocessing = 0;
		};
		2263B7562AAA60C70002E77E /* Sources */ = {
			isa = PBXSourcesBuildPhase;
			buildActionMask = 2147483647;
			files = (
			);
			runOnlyForDeploymentPostprocessing = 0;
		};
		2263B7602AAA60C70002E77E /* Sources */ = {
			isa = PBXSourcesBuildPhase;
			buildActionMask = 2147483647;
			files = (
			);
			runOnlyForDeploymentPostprocessing = 0;
		};
/* End PBXSourcesBuildPhase section */

/* Begin PBXTargetDependency section */
		2263B75C2AAA60C70002E77E /* PBXTargetDependency */ = {
			isa = PBXTargetDependency;
			target = 2263B7492AAA60C50002E77E /* TasQuest */;
			targetProxy = 2263B75B2AAA60C70002E77E /* PBXContainerItemProxy */;
		};
		2263B7662AAA60C70002E77E /* PBXTargetDependency */ = {
			isa = PBXTargetDependency;
			target = 2263B7492AAA60C50002E77E /* TasQuest */;
			targetProxy = 2263B7652AAA60C70002E77E /* PBXContainerItemProxy */;
		};
/* End PBXTargetDependency section */

/* Begin XCBuildConfiguration section */
		2263B76C2AAA60C70002E77E /* Debug */ = {
			isa = XCBuildConfiguration;
			buildSettings = {
				ALWAYS_SEARCH_USER_PATHS = NO;
				CLANG_ANALYZER_NONNULL = YES;
				CLANG_ANALYZER_NUMBER_OBJECT_CONVERSION = YES_AGGRESSIVE;
				CLANG_CXX_LANGUAGE_STANDARD = "gnu++20";
				CLANG_ENABLE_MODULES = YES;
				CLANG_ENABLE_OBJC_ARC = YES;
				CLANG_ENABLE_OBJC_WEAK = YES;
				CLANG_WARN_BLOCK_CAPTURE_AUTORELEASING = YES;
				CLANG_WARN_BOOL_CONVERSION = YES;
				CLANG_WARN_COMMA = YES;
				CLANG_WARN_CONSTANT_CONVERSION = YES;
				CLANG_WARN_DEPRECATED_OBJC_IMPLEMENTATIONS = YES;
				CLANG_WARN_DIRECT_OBJC_ISA_USAGE = YES_ERROR;
				CLANG_WARN_DOCUMENTATION_COMMENTS = YES;
				CLANG_WARN_EMPTY_BODY = YES;
				CLANG_WARN_ENUM_CONVERSION = YES;
				CLANG_WARN_INFINITE_RECURSION = YES;
				CLANG_WARN_INT_CONVERSION = YES;
				CLANG_WARN_NON_LITERAL_NULL_CONVERSION = YES;
				CLANG_WARN_OBJC_IMPLICIT_RETAIN_SELF = YES;
				CLANG_WARN_OBJC_LITERAL_CONVERSION = YES;
				CLANG_WARN_OBJC_ROOT_CLASS = YES_ERROR;
				CLANG_WARN_QUOTED_INCLUDE_IN_FRAMEWORK_HEADER = YES;
				CLANG_WARN_RANGE_LOOP_ANALYSIS = YES;
				CLANG_WARN_STRICT_PROTOTYPES = YES;
				CLANG_WARN_SUSPICIOUS_MOVE = YES;
				CLANG_WARN_UNGUARDED_AVAILABILITY = YES_AGGRESSIVE;
				CLANG_WARN_UNREACHABLE_CODE = YES;
				CLANG_WARN__DUPLICATE_METHOD_MATCH = YES;
				COPY_PHASE_STRIP = NO;
				DEBUG_INFORMATION_FORMAT = dwarf;
				ENABLE_STRICT_OBJC_MSGSEND = YES;
				ENABLE_TESTABILITY = YES;
				GCC_C_LANGUAGE_STANDARD = gnu11;
				GCC_DYNAMIC_NO_PIC = NO;
				GCC_NO_COMMON_BLOCKS = YES;
				GCC_OPTIMIZATION_LEVEL = 0;
				GCC_PREPROCESSOR_DEFINITIONS = (
					"DEBUG=1",
					"$(inherited)",
				);
				GCC_WARN_64_TO_32_BIT_CONVERSION = YES;
				GCC_WARN_ABOUT_RETURN_TYPE = YES_ERROR;
				GCC_WARN_UNDECLARED_SELECTOR = YES;
				GCC_WARN_UNINITIALIZED_AUTOS = YES_AGGRESSIVE;
				GCC_WARN_UNUSED_FUNCTION = YES;
				GCC_WARN_UNUSED_VARIABLE = YES;
				IPHONEOS_DEPLOYMENT_TARGET = 16.4;
				MTL_ENABLE_DEBUG_INFO = INCLUDE_SOURCE;
				MTL_FAST_MATH = YES;
				ONLY_ACTIVE_ARCH = YES;
				SDKROOT = iphoneos;
				SWIFT_ACTIVE_COMPILATION_CONDITIONS = DEBUG;
				SWIFT_OPTIMIZATION_LEVEL = "-Onone";
			};
			name = Debug;
		};
		2263B76D2AAA60C70002E77E /* Release */ = {
			isa = XCBuildConfiguration;
			buildSettings = {
				ALWAYS_SEARCH_USER_PATHS = NO;
				CLANG_ANALYZER_NONNULL = YES;
				CLANG_ANALYZER_NUMBER_OBJECT_CONVERSION = YES_AGGRESSIVE;
				CLANG_CXX_LANGUAGE_STANDARD = "gnu++20";
				CLANG_ENABLE_MODULES = YES;
				CLANG_ENABLE_OBJC_ARC = YES;
				CLANG_ENABLE_OBJC_WEAK = YES;
				CLANG_WARN_BLOCK_CAPTURE_AUTORELEASING = YES;
				CLANG_WARN_BOOL_CONVERSION = YES;
				CLANG_WARN_COMMA = YES;
				CLANG_WARN_CONSTANT_CONVERSION = YES;
				CLANG_WARN_DEPRECATED_OBJC_IMPLEMENTATIONS = YES;
				CLANG_WARN_DIRECT_OBJC_ISA_USAGE = YES_ERROR;
				CLANG_WARN_DOCUMENTATION_COMMENTS = YES;
				CLANG_WARN_EMPTY_BODY = YES;
				CLANG_WARN_ENUM_CONVERSION = YES;
				CLANG_WARN_INFINITE_RECURSION = YES;
				CLANG_WARN_INT_CONVERSION = YES;
				CLANG_WARN_NON_LITERAL_NULL_CONVERSION = YES;
				CLANG_WARN_OBJC_IMPLICIT_RETAIN_SELF = YES;
				CLANG_WARN_OBJC_LITERAL_CONVERSION = YES;
				CLANG_WARN_OBJC_ROOT_CLASS = YES_ERROR;
				CLANG_WARN_QUOTED_INCLUDE_IN_FRAMEWORK_HEADER = YES;
				CLANG_WARN_RANGE_LOOP_ANALYSIS = YES;
				CLANG_WARN_STRICT_PROTOTYPES = YES;
				CLANG_WARN_SUSPICIOUS_MOVE = YES;
				CLANG_WARN_UNGUARDED_AVAILABILITY = YES_AGGRESSIVE;
				CLANG_WARN_UNREACHABLE_CODE = YES;
				CLANG_WARN__DUPLICATE_METHOD_MATCH = YES;
				COPY_PHASE_STRIP = NO;
				DEBUG_INFORMATION_FORMAT = "dwarf-with-dsym";
				ENABLE_NS_ASSERTIONS = NO;
				ENABLE_STRICT_OBJC_MSGSEND = YES;
				GCC_C_LANGUAGE_STANDARD = gnu11;
				GCC_NO_COMMON_BLOCKS = YES;
				GCC_WARN_64_TO_32_BIT_CONVERSION = YES;
				GCC_WARN_ABOUT_RETURN_TYPE = YES_ERROR;
				GCC_WARN_UNDECLARED_SELECTOR = YES;
				GCC_WARN_UNINITIALIZED_AUTOS = YES_AGGRESSIVE;
				GCC_WARN_UNUSED_FUNCTION = YES;
				GCC_WARN_UNUSED_VARIABLE = YES;
				IPHONEOS_DEPLOYMENT_TARGET = 16.4;
				MTL_ENABLE_DEBUG_INFO = NO;
				MTL_FAST_MATH = YES;
				SDKROOT = iphoneos;
				SWIFT_COMPILATION_MODE = wholemodule;
				SWIFT_OPTIMIZATION_LEVEL = "-O";
				VALIDATE_PRODUCT = YES;
			};
			name = Release;
		};
		2263B76F2AAA60C70002E77E /* Debug */ = {
			isa = XCBuildConfiguration;
			buildSettings = {
				ASSETCATALOG_COMPILER_APPICON_NAME = AppIcon;
				ASSETCATALOG_COMPILER_GLOBAL_ACCENT_COLOR_NAME = AccentColor;
				CODE_SIGN_STYLE = Automatic;
				CURRENT_PROJECT_VERSION = 1;
				DEVELOPMENT_ASSET_PATHS = "\"TasQuest/Preview Content\"";
				DEVELOPMENT_TEAM = 3J329298Z2;
				ENABLE_PREVIEWS = YES;
				GENERATE_INFOPLIST_FILE = YES;
				INFOPLIST_KEY_UIApplicationSceneManifest_Generation = YES;
				INFOPLIST_KEY_UIApplicationSupportsIndirectInputEvents = YES;
				INFOPLIST_KEY_UILaunchScreen_Generation = YES;
				INFOPLIST_KEY_UISupportedInterfaceOrientations_iPad = "UIInterfaceOrientationPortrait UIInterfaceOrientationPortraitUpsideDown UIInterfaceOrientationLandscapeLeft UIInterfaceOrientationLandscapeRight";
				INFOPLIST_KEY_UISupportedInterfaceOrientations_iPhone = "UIInterfaceOrientationPortrait UIInterfaceOrientationLandscapeLeft UIInterfaceOrientationLandscapeRight";
				LD_RUNPATH_SEARCH_PATHS = (
					"$(inherited)",
					"@executable_path/Frameworks",
				);
				MARKETING_VERSION = 1.0;
				PRODUCT_BUNDLE_IDENTIFIER = GreenTeaProgrammers.TasQuest;
				PRODUCT_NAME = "$(TARGET_NAME)";
				SWIFT_EMIT_LOC_STRINGS = YES;
				SWIFT_VERSION = 5.0;
				TARGETED_DEVICE_FAMILY = "1,2";
			};
			name = Debug;
		};
		2263B7702AAA60C70002E77E /* Release */ = {
			isa = XCBuildConfiguration;
			buildSettings = {
				ASSETCATALOG_COMPILER_APPICON_NAME = AppIcon;
				ASSETCATALOG_COMPILER_GLOBAL_ACCENT_COLOR_NAME = AccentColor;
				CODE_SIGN_STYLE = Automatic;
				CURRENT_PROJECT_VERSION = 1;
				DEVELOPMENT_ASSET_PATHS = "\"TasQuest/Preview Content\"";
				DEVELOPMENT_TEAM = 3J329298Z2;
				ENABLE_PREVIEWS = YES;
				GENERATE_INFOPLIST_FILE = YES;
				INFOPLIST_KEY_UIApplicationSceneManifest_Generation = YES;
				INFOPLIST_KEY_UIApplicationSupportsIndirectInputEvents = YES;
				INFOPLIST_KEY_UILaunchScreen_Generation = YES;
				INFOPLIST_KEY_UISupportedInterfaceOrientations_iPad = "UIInterfaceOrientationPortrait UIInterfaceOrientationPortraitUpsideDown UIInterfaceOrientationLandscapeLeft UIInterfaceOrientationLandscapeRight";
				INFOPLIST_KEY_UISupportedInterfaceOrientations_iPhone = "UIInterfaceOrientationPortrait UIInterfaceOrientationLandscapeLeft UIInterfaceOrientationLandscapeRight";
				LD_RUNPATH_SEARCH_PATHS = (
					"$(inherited)",
					"@executable_path/Frameworks",
				);
				MARKETING_VERSION = 1.0;
				PRODUCT_BUNDLE_IDENTIFIER = GreenTeaProgrammers.TasQuest;
				PRODUCT_NAME = "$(TARGET_NAME)";
				SWIFT_EMIT_LOC_STRINGS = YES;
				SWIFT_VERSION = 5.0;
				TARGETED_DEVICE_FAMILY = "1,2";
			};
			name = Release;
		};
		2263B7722AAA60C70002E77E /* Debug */ = {
			isa = XCBuildConfiguration;
			buildSettings = {
				ALWAYS_EMBED_SWIFT_STANDARD_LIBRARIES = YES;
				BUNDLE_LOADER = "$(TEST_HOST)";
				CODE_SIGN_STYLE = Automatic;
				CURRENT_PROJECT_VERSION = 1;
				DEVELOPMENT_TEAM = 3J329298Z2;
				GENERATE_INFOPLIST_FILE = YES;
				IPHONEOS_DEPLOYMENT_TARGET = 16.4;
				MARKETING_VERSION = 1.0;
				PRODUCT_BUNDLE_IDENTIFIER = GreenTeaProgrammers.TasQuestTests;
				PRODUCT_NAME = "$(TARGET_NAME)";
				SWIFT_EMIT_LOC_STRINGS = NO;
				SWIFT_VERSION = 5.0;
				TARGETED_DEVICE_FAMILY = "1,2";
				TEST_HOST = "$(BUILT_PRODUCTS_DIR)/TasQuest.app/$(BUNDLE_EXECUTABLE_FOLDER_PATH)/TasQuest";
			};
			name = Debug;
		};
		2263B7732AAA60C70002E77E /* Release */ = {
			isa = XCBuildConfiguration;
			buildSettings = {
				ALWAYS_EMBED_SWIFT_STANDARD_LIBRARIES = YES;
				BUNDLE_LOADER = "$(TEST_HOST)";
				CODE_SIGN_STYLE = Automatic;
				CURRENT_PROJECT_VERSION = 1;
				DEVELOPMENT_TEAM = 3J329298Z2;
				GENERATE_INFOPLIST_FILE = YES;
				IPHONEOS_DEPLOYMENT_TARGET = 16.4;
				MARKETING_VERSION = 1.0;
				PRODUCT_BUNDLE_IDENTIFIER = GreenTeaProgrammers.TasQuestTests;
				PRODUCT_NAME = "$(TARGET_NAME)";
				SWIFT_EMIT_LOC_STRINGS = NO;
				SWIFT_VERSION = 5.0;
				TARGETED_DEVICE_FAMILY = "1,2";
				TEST_HOST = "$(BUILT_PRODUCTS_DIR)/TasQuest.app/$(BUNDLE_EXECUTABLE_FOLDER_PATH)/TasQuest";
			};
			name = Release;
		};
		2263B7752AAA60C70002E77E /* Debug */ = {
			isa = XCBuildConfiguration;
			buildSettings = {
				ALWAYS_EMBED_SWIFT_STANDARD_LIBRARIES = YES;
				CODE_SIGN_STYLE = Automatic;
				CURRENT_PROJECT_VERSION = 1;
				DEVELOPMENT_TEAM = 3J329298Z2;
				GENERATE_INFOPLIST_FILE = YES;
				MARKETING_VERSION = 1.0;
				PRODUCT_BUNDLE_IDENTIFIER = GreenTeaProgrammers.TasQuestUITests;
				PRODUCT_NAME = "$(TARGET_NAME)";
				SWIFT_EMIT_LOC_STRINGS = NO;
				SWIFT_VERSION = 5.0;
				TARGETED_DEVICE_FAMILY = "1,2";
				TEST_TARGET_NAME = TasQuest;
			};
			name = Debug;
		};
		2263B7762AAA60C70002E77E /* Release */ = {
			isa = XCBuildConfiguration;
			buildSettings = {
				ALWAYS_EMBED_SWIFT_STANDARD_LIBRARIES = YES;
				CODE_SIGN_STYLE = Automatic;
				CURRENT_PROJECT_VERSION = 1;
				DEVELOPMENT_TEAM = 3J329298Z2;
				GENERATE_INFOPLIST_FILE = YES;
				MARKETING_VERSION = 1.0;
				PRODUCT_BUNDLE_IDENTIFIER = GreenTeaProgrammers.TasQuestUITests;
				PRODUCT_NAME = "$(TARGET_NAME)";
				SWIFT_EMIT_LOC_STRINGS = NO;
				SWIFT_VERSION = 5.0;
				TARGETED_DEVICE_FAMILY = "1,2";
				TEST_TARGET_NAME = TasQuest;
			};
			name = Release;
		};
/* End XCBuildConfiguration section */

/* Begin XCConfigurationList section */
		2263B7452AAA60C50002E77E /* Build configuration list for PBXProject "TasQuest" */ = {
			isa = XCConfigurationList;
			buildConfigurations = (
				2263B76C2AAA60C70002E77E /* Debug */,
				2263B76D2AAA60C70002E77E /* Release */,
			);
			defaultConfigurationIsVisible = 0;
			defaultConfigurationName = Release;
		};
		2263B76E2AAA60C70002E77E /* Build configuration list for PBXNativeTarget "TasQuest" */ = {
			isa = XCConfigurationList;
			buildConfigurations = (
				2263B76F2AAA60C70002E77E /* Debug */,
				2263B7702AAA60C70002E77E /* Release */,
			);
			defaultConfigurationIsVisible = 0;
			defaultConfigurationName = Release;
		};
		2263B7712AAA60C70002E77E /* Build configuration list for PBXNativeTarget "TasQuestTests" */ = {
			isa = XCConfigurationList;
			buildConfigurations = (
				2263B7722AAA60C70002E77E /* Debug */,
				2263B7732AAA60C70002E77E /* Release */,
			);
			defaultConfigurationIsVisible = 0;
			defaultConfigurationName = Release;
		};
		2263B7742AAA60C70002E77E /* Build configuration list for PBXNativeTarget "TasQuestUITests" */ = {
			isa = XCConfigurationList;
			buildConfigurations = (
				2263B7752AAA60C70002E77E /* Debug */,
				2263B7762AAA60C70002E77E /* Release */,
			);
			defaultConfigurationIsVisible = 0;
			defaultConfigurationName = Release;
		};
/* End XCConfigurationList section */

/* Begin XCRemoteSwiftPackageReference section */
		2263B7E32AAA616B0002E77E /* XCRemoteSwiftPackageReference "firebase-ios-sdk" */ = {
			isa = XCRemoteSwiftPackageReference;
			repositoryURL = "https://github.com/firebase/firebase-ios-sdk.git";
			requirement = {
				kind = exactVersion;
				version = 10.14.0;
			};
		};
/* End XCRemoteSwiftPackageReference section */

/* Begin XCSwiftPackageProductDependency section */
		224D9DFF2AAC61FA0054D89D /* FirebaseFirestore */ = {
			isa = XCSwiftPackageProductDependency;
			package = 2263B7E32AAA616B0002E77E /* XCRemoteSwiftPackageReference "firebase-ios-sdk" */;
			productName = FirebaseFirestore;
		};
		224D9E012AAC62000054D89D /* FirebaseFirestoreSwift */ = {
			isa = XCSwiftPackageProductDependency;
			package = 2263B7E32AAA616B0002E77E /* XCRemoteSwiftPackageReference "firebase-ios-sdk" */;
			productName = FirebaseFirestoreSwift;
		};
		2263B7E42AAA616B0002E77E /* FirebaseAnalytics */ = {
			isa = XCSwiftPackageProductDependency;
			package = 2263B7E32AAA616B0002E77E /* XCRemoteSwiftPackageReference "firebase-ios-sdk" */;
			productName = FirebaseAnalytics;
		};
		2263B7E62AAA616B0002E77E /* FirebaseAnalyticsSwift */ = {
			isa = XCSwiftPackageProductDependency;
			package = 2263B7E32AAA616B0002E77E /* XCRemoteSwiftPackageReference "firebase-ios-sdk" */;
			productName = FirebaseAnalyticsSwift;
		};
		2263B7E82AAA616B0002E77E /* FirebaseAuth */ = {
			isa = XCSwiftPackageProductDependency;
			package = 2263B7E32AAA616B0002E77E /* XCRemoteSwiftPackageReference "firebase-ios-sdk" */;
			productName = FirebaseAuth;
		};
/* End XCSwiftPackageProductDependency section */
	};
	rootObject = 2263B7422AAA60C50002E77E /* Project object */;
}
