// !$*UTF8*$!
{
	archiveVersion = 1;
	classes = {
	};
	objectVersion = 56;
	objects = {

/* Begin PBXBuildFile section */
		22201E3B2AAFE13200074589 /* CreateGoalView.swift in Sources */ = {isa = PBXBuildFile; fileRef = 22201E3A2AAFE13200074589 /* CreateGoalView.swift */; };
		223041AE2AB20FBC00C185EC /* HostModelInput.swift in Sources */ = {isa = PBXBuildFile; fileRef = 223041AD2AB20FBC00C185EC /* HostModelInput.swift */; };
		223041B92AB22E4A00C185EC /* UnityFramework.framework in Frameworks */ = {isa = PBXBuildFile; fileRef = 223041B02AB2197A00C185EC /* UnityFramework.framework */; };
		223041BA2AB22E4A00C185EC /* UnityFramework.framework in Embed Frameworks */ = {isa = PBXBuildFile; fileRef = 223041B02AB2197A00C185EC /* UnityFramework.framework */; settings = {ATTRIBUTES = (CodeSignOnCopy, RemoveHeadersOnCopy, ); }; };
		226BD8C92AB1A54F00609537 /* Unity.swift in Sources */ = {isa = PBXBuildFile; fileRef = 226BD8C82AB1A54F00609537 /* Unity.swift */; };
		22B349022AADFD0F00B7BBE7 /* SignUpViewModel.swift in Sources */ = {isa = PBXBuildFile; fileRef = 22B348D42AADFD0F00B7BBE7 /* SignUpViewModel.swift */; };
		22B349032AADFD0F00B7BBE7 /* SettingViewModel.swift in Sources */ = {isa = PBXBuildFile; fileRef = 22B348D52AADFD0F00B7BBE7 /* SettingViewModel.swift */; };
		22B349042AADFD0F00B7BBE7 /* TaskViewModel.swift in Sources */ = {isa = PBXBuildFile; fileRef = 22B348D62AADFD0F00B7BBE7 /* TaskViewModel.swift */; };
		22B349052AADFD0F00B7BBE7 /* SignInEmailViewModel.swift in Sources */ = {isa = PBXBuildFile; fileRef = 22B348D72AADFD0F00B7BBE7 /* SignInEmailViewModel.swift */; };
		22B349062AADFD0F00B7BBE7 /* StatusViewModel.swift in Sources */ = {isa = PBXBuildFile; fileRef = 22B348D82AADFD0F00B7BBE7 /* StatusViewModel.swift */; };
		22B349072AADFD0F00B7BBE7 /* Throttler.swift in Sources */ = {isa = PBXBuildFile; fileRef = 22B348DB2AADFD0F00B7BBE7 /* Throttler.swift */; };
		22B349082AADFD0F00B7BBE7 /* CustomEasing.swift in Sources */ = {isa = PBXBuildFile; fileRef = 22B348DC2AADFD0F00B7BBE7 /* CustomEasing.swift */; };
		22B349092AADFD0F00B7BBE7 /* CADisplayLink+.swift in Sources */ = {isa = PBXBuildFile; fileRef = 22B348DD2AADFD0F00B7BBE7 /* CADisplayLink+.swift */; };
		22B3490A2AADFD0F00B7BBE7 /* AuthenticationManager.swift in Sources */ = {isa = PBXBuildFile; fileRef = 22B348DE2AADFD0F00B7BBE7 /* AuthenticationManager.swift */; };
		22B3490B2AADFD0F00B7BBE7 /* KeyboardResponder.swift in Sources */ = {isa = PBXBuildFile; fileRef = 22B348DF2AADFD0F00B7BBE7 /* KeyboardResponder.swift */; };
		22B3490C2AADFD0F00B7BBE7 /* FireStoreManager.swift in Sources */ = {isa = PBXBuildFile; fileRef = 22B348E02AADFD0F00B7BBE7 /* FireStoreManager.swift */; };
		22B3490D2AADFD0F00B7BBE7 /* Assets.xcassets in Resources */ = {isa = PBXBuildFile; fileRef = 22B348E22AADFD0F00B7BBE7 /* Assets.xcassets */; };
		22B3490E2AADFD0F00B7BBE7 /* GoogleService-Info.plist in Resources */ = {isa = PBXBuildFile; fileRef = 22B348E32AADFD0F00B7BBE7 /* GoogleService-Info.plist */; };
		22B3490F2AADFD0F00B7BBE7 /* Preview Assets.xcassets in Resources */ = {isa = PBXBuildFile; fileRef = 22B348E52AADFD0F00B7BBE7 /* Preview Assets.xcassets */; };
		22B349102AADFD0F00B7BBE7 /* PageModel.swift in Sources */ = {isa = PBXBuildFile; fileRef = 22B348E82AADFD0F00B7BBE7 /* PageModel.swift */; };
		22B349112AADFD0F00B7BBE7 /* AppData.swift in Sources */ = {isa = PBXBuildFile; fileRef = 22B348E92AADFD0F00B7BBE7 /* AppData.swift */; };
		22B349122AADFD0F00B7BBE7 /* Goal.swift in Sources */ = {isa = PBXBuildFile; fileRef = 22B348EA2AADFD0F00B7BBE7 /* Goal.swift */; };
		22B349132AADFD0F00B7BBE7 /* TasQuestTask.swift in Sources */ = {isa = PBXBuildFile; fileRef = 22B348EB2AADFD0F00B7BBE7 /* TasQuestTask.swift */; };
		22B349142AADFD0F00B7BBE7 /* Status.swift in Sources */ = {isa = PBXBuildFile; fileRef = 22B348EC2AADFD0F00B7BBE7 /* Status.swift */; };
		22B349152AADFD0F00B7BBE7 /* Tag.swift in Sources */ = {isa = PBXBuildFile; fileRef = 22B348ED2AADFD0F00B7BBE7 /* Tag.swift */; };
		22B349162AADFD0F00B7BBE7 /* AuthDataResultModel.swift in Sources */ = {isa = PBXBuildFile; fileRef = 22B348EE2AADFD0F00B7BBE7 /* AuthDataResultModel.swift */; };
		22B349172AADFD0F00B7BBE7 /* CreateTaskView.swift in Sources */ = {isa = PBXBuildFile; fileRef = 22B348F02AADFD0F00B7BBE7 /* CreateTaskView.swift */; };
		22B349182AADFD0F00B7BBE7 /* SignUpEmailView.swift in Sources */ = {isa = PBXBuildFile; fileRef = 22B348F12AADFD0F00B7BBE7 /* SignUpEmailView.swift */; };
		22B349192AADFD0F00B7BBE7 /* StatusView.swift in Sources */ = {isa = PBXBuildFile; fileRef = 22B348F22AADFD0F00B7BBE7 /* StatusView.swift */; };
		22B3491A2AADFD0F00B7BBE7 /* WelcomeView.swift in Sources */ = {isa = PBXBuildFile; fileRef = 22B348F32AADFD0F00B7BBE7 /* WelcomeView.swift */; };
		22B3491B2AADFD0F00B7BBE7 /* TaskView.swift in Sources */ = {isa = PBXBuildFile; fileRef = 22B348F42AADFD0F00B7BBE7 /* TaskView.swift */; };
		22B3491C2AADFD0F00B7BBE7 /* AuthenticationView.swift in Sources */ = {isa = PBXBuildFile; fileRef = 22B348F52AADFD0F00B7BBE7 /* AuthenticationView.swift */; };
		22B3491D2AADFD0F00B7BBE7 /* SignInEmailView.swift in Sources */ = {isa = PBXBuildFile; fileRef = 22B348F62AADFD0F00B7BBE7 /* SignInEmailView.swift */; };
		22B3491E2AADFD0F00B7BBE7 /* SettingView.swift in Sources */ = {isa = PBXBuildFile; fileRef = 22B348F72AADFD0F00B7BBE7 /* SettingView.swift */; };
		22B3491F2AADFD0F00B7BBE7 /* PageView.swift in Sources */ = {isa = PBXBuildFile; fileRef = 22B348F82AADFD0F00B7BBE7 /* PageView.swift */; };
		22B349202AADFD0F00B7BBE7 /* TasQuestApp.swift in Sources */ = {isa = PBXBuildFile; fileRef = 22B348FC2AADFD0F00B7BBE7 /* TasQuestApp.swift */; };
		22B349212AADFD0F00B7BBE7 /* TasQuestTests.swift in Sources */ = {isa = PBXBuildFile; fileRef = 22B348FE2AADFD0F00B7BBE7 /* TasQuestTests.swift */; };
		22B3F0392AAD980100BD5781 /* FirebaseAnalytics in Frameworks */ = {isa = PBXBuildFile; productRef = 22B3F0382AAD980100BD5781 /* FirebaseAnalytics */; };
		22B3F03B2AAD980100BD5781 /* FirebaseAnalyticsSwift in Frameworks */ = {isa = PBXBuildFile; productRef = 22B3F03A2AAD980100BD5781 /* FirebaseAnalyticsSwift */; };
		22B3F03D2AAD980100BD5781 /* FirebaseAuth in Frameworks */ = {isa = PBXBuildFile; productRef = 22B3F03C2AAD980100BD5781 /* FirebaseAuth */; };
		22B3F03F2AAD980100BD5781 /* FirebaseFirestore in Frameworks */ = {isa = PBXBuildFile; productRef = 22B3F03E2AAD980100BD5781 /* FirebaseFirestore */; };
		22B3F0412AAD980100BD5781 /* FirebaseFirestoreSwift in Frameworks */ = {isa = PBXBuildFile; productRef = 22B3F0402AAD980100BD5781 /* FirebaseFirestoreSwift */; };
/* End PBXBuildFile section */

/* Begin PBXContainerItemProxy section */
		22B3EFD22AAD948000BD5781 /* PBXContainerItemProxy */ = {
			isa = PBXContainerItemProxy;
			containerPortal = 22B3EFB92AAD947E00BD5781 /* Project object */;
			proxyType = 1;
			remoteGlobalIDString = 22B3EFC02AAD947E00BD5781;
			remoteInfo = TasQuest;
		};
		22B3EFDC2AAD948000BD5781 /* PBXContainerItemProxy */ = {
			isa = PBXContainerItemProxy;
			containerPortal = 22B3EFB92AAD947E00BD5781 /* Project object */;
			proxyType = 1;
			remoteGlobalIDString = 22B3EFC02AAD947E00BD5781;
			remoteInfo = TasQuest;
		};
/* End PBXContainerItemProxy section */

/* Begin PBXCopyFilesBuildPhase section */
		223041BB2AB22E4A00C185EC /* Embed Frameworks */ = {
			isa = PBXCopyFilesBuildPhase;
			buildActionMask = 2147483647;
			dstPath = "";
			dstSubfolderSpec = 10;
			files = (
				223041BA2AB22E4A00C185EC /* UnityFramework.framework in Embed Frameworks */,
			);
			name = "Embed Frameworks";
			runOnlyForDeploymentPostprocessing = 0;
		};
/* End PBXCopyFilesBuildPhase section */

/* Begin PBXFileReference section */
		22201E3A2AAFE13200074589 /* CreateGoalView.swift */ = {isa = PBXFileReference; lastKnownFileType = sourcecode.swift; path = CreateGoalView.swift; sourceTree = "<group>"; };
		223041AD2AB20FBC00C185EC /* HostModelInput.swift */ = {isa = PBXFileReference; fileEncoding = 4; lastKnownFileType = sourcecode.swift; path = HostModelInput.swift; sourceTree = "<group>"; };
		223041B02AB2197A00C185EC /* UnityFramework.framework */ = {isa = PBXFileReference; explicitFileType = wrapper.framework; path = UnityFramework.framework; sourceTree = BUILT_PRODUCTS_DIR; };
		226BD8C82AB1A54F00609537 /* Unity.swift */ = {isa = PBXFileReference; lastKnownFileType = sourcecode.swift; path = Unity.swift; sourceTree = "<group>"; };
		22B348D42AADFD0F00B7BBE7 /* SignUpViewModel.swift */ = {isa = PBXFileReference; fileEncoding = 4; lastKnownFileType = sourcecode.swift; path = SignUpViewModel.swift; sourceTree = "<group>"; };
		22B348D52AADFD0F00B7BBE7 /* SettingViewModel.swift */ = {isa = PBXFileReference; fileEncoding = 4; lastKnownFileType = sourcecode.swift; path = SettingViewModel.swift; sourceTree = "<group>"; };
		22B348D62AADFD0F00B7BBE7 /* TaskViewModel.swift */ = {isa = PBXFileReference; fileEncoding = 4; lastKnownFileType = sourcecode.swift; path = TaskViewModel.swift; sourceTree = "<group>"; };
		22B348D72AADFD0F00B7BBE7 /* SignInEmailViewModel.swift */ = {isa = PBXFileReference; fileEncoding = 4; lastKnownFileType = sourcecode.swift; path = SignInEmailViewModel.swift; sourceTree = "<group>"; };
		22B348D82AADFD0F00B7BBE7 /* StatusViewModel.swift */ = {isa = PBXFileReference; fileEncoding = 4; lastKnownFileType = sourcecode.swift; path = StatusViewModel.swift; sourceTree = "<group>"; };
		22B348DB2AADFD0F00B7BBE7 /* Throttler.swift */ = {isa = PBXFileReference; fileEncoding = 4; lastKnownFileType = sourcecode.swift; path = Throttler.swift; sourceTree = "<group>"; };
		22B348DC2AADFD0F00B7BBE7 /* CustomEasing.swift */ = {isa = PBXFileReference; fileEncoding = 4; lastKnownFileType = sourcecode.swift; path = CustomEasing.swift; sourceTree = "<group>"; };
		22B348DD2AADFD0F00B7BBE7 /* CADisplayLink+.swift */ = {isa = PBXFileReference; fileEncoding = 4; lastKnownFileType = sourcecode.swift; path = "CADisplayLink+.swift"; sourceTree = "<group>"; };
		22B348DE2AADFD0F00B7BBE7 /* AuthenticationManager.swift */ = {isa = PBXFileReference; fileEncoding = 4; lastKnownFileType = sourcecode.swift; path = AuthenticationManager.swift; sourceTree = "<group>"; };
		22B348DF2AADFD0F00B7BBE7 /* KeyboardResponder.swift */ = {isa = PBXFileReference; fileEncoding = 4; lastKnownFileType = sourcecode.swift; path = KeyboardResponder.swift; sourceTree = "<group>"; };
		22B348E02AADFD0F00B7BBE7 /* FireStoreManager.swift */ = {isa = PBXFileReference; fileEncoding = 4; lastKnownFileType = sourcecode.swift; path = FireStoreManager.swift; sourceTree = "<group>"; };
		22B348E22AADFD0F00B7BBE7 /* Assets.xcassets */ = {isa = PBXFileReference; lastKnownFileType = folder.assetcatalog; path = Assets.xcassets; sourceTree = "<group>"; };
		22B348E32AADFD0F00B7BBE7 /* GoogleService-Info.plist */ = {isa = PBXFileReference; fileEncoding = 4; lastKnownFileType = text.plist.xml; path = "GoogleService-Info.plist"; sourceTree = "<group>"; };
		22B348E52AADFD0F00B7BBE7 /* Preview Assets.xcassets */ = {isa = PBXFileReference; lastKnownFileType = folder.assetcatalog; path = "Preview Assets.xcassets"; sourceTree = "<group>"; };
		22B348E82AADFD0F00B7BBE7 /* PageModel.swift */ = {isa = PBXFileReference; fileEncoding = 4; lastKnownFileType = sourcecode.swift; path = PageModel.swift; sourceTree = "<group>"; };
		22B348E92AADFD0F00B7BBE7 /* AppData.swift */ = {isa = PBXFileReference; fileEncoding = 4; lastKnownFileType = sourcecode.swift; path = AppData.swift; sourceTree = "<group>"; };
		22B348EA2AADFD0F00B7BBE7 /* Goal.swift */ = {isa = PBXFileReference; fileEncoding = 4; lastKnownFileType = sourcecode.swift; path = Goal.swift; sourceTree = "<group>"; };
		22B348EB2AADFD0F00B7BBE7 /* TasQuestTask.swift */ = {isa = PBXFileReference; fileEncoding = 4; lastKnownFileType = sourcecode.swift; path = TasQuestTask.swift; sourceTree = "<group>"; };
		22B348EC2AADFD0F00B7BBE7 /* Status.swift */ = {isa = PBXFileReference; fileEncoding = 4; lastKnownFileType = sourcecode.swift; path = Status.swift; sourceTree = "<group>"; };
		22B348ED2AADFD0F00B7BBE7 /* Tag.swift */ = {isa = PBXFileReference; fileEncoding = 4; lastKnownFileType = sourcecode.swift; path = Tag.swift; sourceTree = "<group>"; };
		22B348EE2AADFD0F00B7BBE7 /* AuthDataResultModel.swift */ = {isa = PBXFileReference; fileEncoding = 4; lastKnownFileType = sourcecode.swift; path = AuthDataResultModel.swift; sourceTree = "<group>"; };
		22B348F02AADFD0F00B7BBE7 /* CreateTaskView.swift */ = {isa = PBXFileReference; fileEncoding = 4; lastKnownFileType = sourcecode.swift; path = CreateTaskView.swift; sourceTree = "<group>"; };
		22B348F12AADFD0F00B7BBE7 /* SignUpEmailView.swift */ = {isa = PBXFileReference; fileEncoding = 4; lastKnownFileType = sourcecode.swift; path = SignUpEmailView.swift; sourceTree = "<group>"; };
		22B348F22AADFD0F00B7BBE7 /* StatusView.swift */ = {isa = PBXFileReference; fileEncoding = 4; lastKnownFileType = sourcecode.swift; path = StatusView.swift; sourceTree = "<group>"; };
		22B348F32AADFD0F00B7BBE7 /* WelcomeView.swift */ = {isa = PBXFileReference; fileEncoding = 4; lastKnownFileType = sourcecode.swift; path = WelcomeView.swift; sourceTree = "<group>"; };
		22B348F42AADFD0F00B7BBE7 /* TaskView.swift */ = {isa = PBXFileReference; fileEncoding = 4; lastKnownFileType = sourcecode.swift; path = TaskView.swift; sourceTree = "<group>"; };
		22B348F52AADFD0F00B7BBE7 /* AuthenticationView.swift */ = {isa = PBXFileReference; fileEncoding = 4; lastKnownFileType = sourcecode.swift; path = AuthenticationView.swift; sourceTree = "<group>"; };
		22B348F62AADFD0F00B7BBE7 /* SignInEmailView.swift */ = {isa = PBXFileReference; fileEncoding = 4; lastKnownFileType = sourcecode.swift; path = SignInEmailView.swift; sourceTree = "<group>"; };
		22B348F72AADFD0F00B7BBE7 /* SettingView.swift */ = {isa = PBXFileReference; fileEncoding = 4; lastKnownFileType = sourcecode.swift; path = SettingView.swift; sourceTree = "<group>"; };
		22B348F82AADFD0F00B7BBE7 /* PageView.swift */ = {isa = PBXFileReference; fileEncoding = 4; lastKnownFileType = sourcecode.swift; path = PageView.swift; sourceTree = "<group>"; };
		22B348FC2AADFD0F00B7BBE7 /* TasQuestApp.swift */ = {isa = PBXFileReference; fileEncoding = 4; lastKnownFileType = sourcecode.swift; path = TasQuestApp.swift; sourceTree = "<group>"; };
		22B348FE2AADFD0F00B7BBE7 /* TasQuestTests.swift */ = {isa = PBXFileReference; fileEncoding = 4; lastKnownFileType = sourcecode.swift; path = TasQuestTests.swift; sourceTree = "<group>"; };
		22B3EFC12AAD947E00BD5781 /* TasQuest.app */ = {isa = PBXFileReference; explicitFileType = wrapper.application; includeInIndex = 0; path = TasQuest.app; sourceTree = BUILT_PRODUCTS_DIR; };
		22B3EFD12AAD948000BD5781 /* TasQuestTests.xctest */ = {isa = PBXFileReference; explicitFileType = wrapper.cfbundle; includeInIndex = 0; path = TasQuestTests.xctest; sourceTree = BUILT_PRODUCTS_DIR; };
		22B3EFDB2AAD948000BD5781 /* TasQuestUITests.xctest */ = {isa = PBXFileReference; explicitFileType = wrapper.cfbundle; includeInIndex = 0; path = TasQuestUITests.xctest; sourceTree = BUILT_PRODUCTS_DIR; };
/* End PBXFileReference section */

/* Begin PBXFrameworksBuildPhase section */
		22B3EFBE2AAD947E00BD5781 /* Frameworks */ = {
			isa = PBXFrameworksBuildPhase;
			buildActionMask = 2147483647;
			files = (
				22B3F0412AAD980100BD5781 /* FirebaseFirestoreSwift in Frameworks */,
				22B3F03B2AAD980100BD5781 /* FirebaseAnalyticsSwift in Frameworks */,
				22B3F03F2AAD980100BD5781 /* FirebaseFirestore in Frameworks */,
				22B3F03D2AAD980100BD5781 /* FirebaseAuth in Frameworks */,
				22B3F0392AAD980100BD5781 /* FirebaseAnalytics in Frameworks */,
				223041B92AB22E4A00C185EC /* UnityFramework.framework in Frameworks */,
			);
			runOnlyForDeploymentPostprocessing = 0;
		};
		22B3EFCE2AAD948000BD5781 /* Frameworks */ = {
			isa = PBXFrameworksBuildPhase;
			buildActionMask = 2147483647;
			files = (
			);
			runOnlyForDeploymentPostprocessing = 0;
		};
		22B3EFD82AAD948000BD5781 /* Frameworks */ = {
			isa = PBXFrameworksBuildPhase;
			buildActionMask = 2147483647;
			files = (
			);
			runOnlyForDeploymentPostprocessing = 0;
		};
/* End PBXFrameworksBuildPhase section */

/* Begin PBXGroup section */
		221544B12AB1FB4A006572F4 /* Frameworks */ = {
			isa = PBXGroup;
			children = (
				223041B02AB2197A00C185EC /* UnityFramework.framework */,
			);
			name = Frameworks;
			sourceTree = "<group>";
		};
		226BD8C72AB1A54300609537 /* Unity */ = {
			isa = PBXGroup;
			children = (
				226BD8C82AB1A54F00609537 /* Unity.swift */,
			);
			path = Unity;
			sourceTree = "<group>";
		};
		22B348D32AADFD0F00B7BBE7 /* ViewModel */ = {
			isa = PBXGroup;
			children = (
				22B348D42AADFD0F00B7BBE7 /* SignUpViewModel.swift */,
				22B348D52AADFD0F00B7BBE7 /* SettingViewModel.swift */,
				22B348D62AADFD0F00B7BBE7 /* TaskViewModel.swift */,
				22B348D72AADFD0F00B7BBE7 /* SignInEmailViewModel.swift */,
				22B348D82AADFD0F00B7BBE7 /* StatusViewModel.swift */,
			);
			path = ViewModel;
			sourceTree = "<group>";
		};
		22B348DA2AADFD0F00B7BBE7 /* Module */ = {
			isa = PBXGroup;
			children = (
				223041AD2AB20FBC00C185EC /* HostModelInput.swift */,
				22B348DB2AADFD0F00B7BBE7 /* Throttler.swift */,
				22B348DC2AADFD0F00B7BBE7 /* CustomEasing.swift */,
				22B348DD2AADFD0F00B7BBE7 /* CADisplayLink+.swift */,
				22B348DE2AADFD0F00B7BBE7 /* AuthenticationManager.swift */,
				22B348DF2AADFD0F00B7BBE7 /* KeyboardResponder.swift */,
				22B348E02AADFD0F00B7BBE7 /* FireStoreManager.swift */,
			);
			path = Module;
			sourceTree = "<group>";
		};
		22B348E42AADFD0F00B7BBE7 /* Preview Content */ = {
			isa = PBXGroup;
			children = (
				22B348E52AADFD0F00B7BBE7 /* Preview Assets.xcassets */,
			);
			path = "Preview Content";
			sourceTree = "<group>";
		};
		22B348E62AADFD0F00B7BBE7 /* Model */ = {
			isa = PBXGroup;
			children = (
				226BD8C72AB1A54300609537 /* Unity */,
				22B348E72AADFD0F00B7BBE7 /* WelcomeView */,
				22B348E92AADFD0F00B7BBE7 /* AppData.swift */,
				22B348EC2AADFD0F00B7BBE7 /* Status.swift */,
				22B348EA2AADFD0F00B7BBE7 /* Goal.swift */,
				22B348EB2AADFD0F00B7BBE7 /* TasQuestTask.swift */,
				22B348ED2AADFD0F00B7BBE7 /* Tag.swift */,
				22B348EE2AADFD0F00B7BBE7 /* AuthDataResultModel.swift */,
			);
			path = Model;
			sourceTree = "<group>";
		};
		22B348E72AADFD0F00B7BBE7 /* WelcomeView */ = {
			isa = PBXGroup;
			children = (
				22B348E82AADFD0F00B7BBE7 /* PageModel.swift */,
			);
			path = WelcomeView;
			sourceTree = "<group>";
		};
		22B348EF2AADFD0F00B7BBE7 /* View */ = {
			isa = PBXGroup;
			children = (
				22B348F32AADFD0F00B7BBE7 /* WelcomeView.swift */,
				22B348F82AADFD0F00B7BBE7 /* PageView.swift */,
				22B348F52AADFD0F00B7BBE7 /* AuthenticationView.swift */,
				22B348F12AADFD0F00B7BBE7 /* SignUpEmailView.swift */,
				22B348F62AADFD0F00B7BBE7 /* SignInEmailView.swift */,
				22B348F22AADFD0F00B7BBE7 /* StatusView.swift */,
				22B348F72AADFD0F00B7BBE7 /* SettingView.swift */,
				22B348F42AADFD0F00B7BBE7 /* TaskView.swift */,
				22B348F02AADFD0F00B7BBE7 /* CreateTaskView.swift */,
				22201E3A2AAFE13200074589 /* CreateGoalView.swift */,
			);
			path = View;
			sourceTree = "<group>";
		};
		22B348FD2AADFD0F00B7BBE7 /* TasQuestTests */ = {
			isa = PBXGroup;
			children = (
				22B348FE2AADFD0F00B7BBE7 /* TasQuestTests.swift */,
			);
			name = TasQuestTests;
			path = ../TasQuestTests;
			sourceTree = "<group>";
		};
		22B3EFB82AAD947E00BD5781 = {
			isa = PBXGroup;
			children = (
				22B348E62AADFD0F00B7BBE7 /* Model */,
				22B348EF2AADFD0F00B7BBE7 /* View */,
				22B348DA2AADFD0F00B7BBE7 /* Module */,
				22B348D32AADFD0F00B7BBE7 /* ViewModel */,
				22B348E42AADFD0F00B7BBE7 /* Preview Content */,
				22B348E22AADFD0F00B7BBE7 /* Assets.xcassets */,
				22B348E32AADFD0F00B7BBE7 /* GoogleService-Info.plist */,
				22B348FC2AADFD0F00B7BBE7 /* TasQuestApp.swift */,
				22B348FD2AADFD0F00B7BBE7 /* TasQuestTests */,
				22B3EFC22AAD947E00BD5781 /* Products */,
				221544B12AB1FB4A006572F4 /* Frameworks */,
			);
			sourceTree = "<group>";
		};
		22B3EFC22AAD947E00BD5781 /* Products */ = {
			isa = PBXGroup;
			children = (
				22B3EFC12AAD947E00BD5781 /* TasQuest.app */,
				22B3EFD12AAD948000BD5781 /* TasQuestTests.xctest */,
				22B3EFDB2AAD948000BD5781 /* TasQuestUITests.xctest */,
			);
			name = Products;
			sourceTree = "<group>";
		};
/* End PBXGroup section */

/* Begin PBXNativeTarget section */
		22B3EFC02AAD947E00BD5781 /* TasQuest */ = {
			isa = PBXNativeTarget;
			buildConfigurationList = 22B3EFE52AAD948000BD5781 /* Build configuration list for PBXNativeTarget "TasQuest" */;
			buildPhases = (
				22B3EFBD2AAD947E00BD5781 /* Sources */,
				22B3EFBE2AAD947E00BD5781 /* Frameworks */,
				22B3EFBF2AAD947E00BD5781 /* Resources */,
				223041BB2AB22E4A00C185EC /* Embed Frameworks */,
			);
			buildRules = (
			);
			dependencies = (
			);
			name = TasQuest;
			packageProductDependencies = (
				22B3F0382AAD980100BD5781 /* FirebaseAnalytics */,
				22B3F03A2AAD980100BD5781 /* FirebaseAnalyticsSwift */,
				22B3F03C2AAD980100BD5781 /* FirebaseAuth */,
				22B3F03E2AAD980100BD5781 /* FirebaseFirestore */,
				22B3F0402AAD980100BD5781 /* FirebaseFirestoreSwift */,
			);
			productName = TasQuest;
			productReference = 22B3EFC12AAD947E00BD5781 /* TasQuest.app */;
			productType = "com.apple.product-type.application";
		};
		22B3EFD02AAD948000BD5781 /* TasQuestTests */ = {
			isa = PBXNativeTarget;
			buildConfigurationList = 22B3EFE82AAD948000BD5781 /* Build configuration list for PBXNativeTarget "TasQuestTests" */;
			buildPhases = (
				22B3EFCD2AAD948000BD5781 /* Sources */,
				22B3EFCE2AAD948000BD5781 /* Frameworks */,
				22B3EFCF2AAD948000BD5781 /* Resources */,
			);
			buildRules = (
			);
			dependencies = (
				22B3EFD32AAD948000BD5781 /* PBXTargetDependency */,
			);
			name = TasQuestTests;
			productName = TasQuestTests;
			productReference = 22B3EFD12AAD948000BD5781 /* TasQuestTests.xctest */;
			productType = "com.apple.product-type.bundle.unit-test";
		};
		22B3EFDA2AAD948000BD5781 /* TasQuestUITests */ = {
			isa = PBXNativeTarget;
			buildConfigurationList = 22B3EFEB2AAD948000BD5781 /* Build configuration list for PBXNativeTarget "TasQuestUITests" */;
			buildPhases = (
				22B3EFD72AAD948000BD5781 /* Sources */,
				22B3EFD82AAD948000BD5781 /* Frameworks */,
				22B3EFD92AAD948000BD5781 /* Resources */,
			);
			buildRules = (
			);
			dependencies = (
				22B3EFDD2AAD948000BD5781 /* PBXTargetDependency */,
			);
			name = TasQuestUITests;
			productName = TasQuestUITests;
			productReference = 22B3EFDB2AAD948000BD5781 /* TasQuestUITests.xctest */;
			productType = "com.apple.product-type.bundle.ui-testing";
		};
/* End PBXNativeTarget section */

/* Begin PBXProject section */
		22B3EFB92AAD947E00BD5781 /* Project object */ = {
			isa = PBXProject;
			attributes = {
				BuildIndependentTargetsInParallel = 1;
				LastSwiftUpdateCheck = 1430;
				LastUpgradeCheck = 1430;
				TargetAttributes = {
					22B3EFC02AAD947E00BD5781 = {
						CreatedOnToolsVersion = 14.3.1;
					};
					22B3EFD02AAD948000BD5781 = {
						CreatedOnToolsVersion = 14.3.1;
						TestTargetID = 22B3EFC02AAD947E00BD5781;
					};
					22B3EFDA2AAD948000BD5781 = {
						CreatedOnToolsVersion = 14.3.1;
						TestTargetID = 22B3EFC02AAD947E00BD5781;
					};
				};
			};
			buildConfigurationList = 22B3EFBC2AAD947E00BD5781 /* Build configuration list for PBXProject "TasQuest" */;
			compatibilityVersion = "Xcode 14.0";
			developmentRegion = en;
			hasScannedForEncodings = 0;
			knownRegions = (
				en,
				Base,
			);
			mainGroup = 22B3EFB82AAD947E00BD5781;
			packageReferences = (
				22B3F0372AAD980000BD5781 /* XCRemoteSwiftPackageReference "firebase-ios-sdk" */,
			);
			productRefGroup = 22B3EFC22AAD947E00BD5781 /* Products */;
			projectDirPath = "";
			projectRoot = "";
			targets = (
				22B3EFC02AAD947E00BD5781 /* TasQuest */,
				22B3EFD02AAD948000BD5781 /* TasQuestTests */,
				22B3EFDA2AAD948000BD5781 /* TasQuestUITests */,
			);
		};
/* End PBXProject section */

/* Begin PBXResourcesBuildPhase section */
		22B3EFBF2AAD947E00BD5781 /* Resources */ = {
			isa = PBXResourcesBuildPhase;
			buildActionMask = 2147483647;
			files = (
				22B3490E2AADFD0F00B7BBE7 /* GoogleService-Info.plist in Resources */,
				22B3490F2AADFD0F00B7BBE7 /* Preview Assets.xcassets in Resources */,
				22B3490D2AADFD0F00B7BBE7 /* Assets.xcassets in Resources */,
			);
			runOnlyForDeploymentPostprocessing = 0;
		};
		22B3EFCF2AAD948000BD5781 /* Resources */ = {
			isa = PBXResourcesBuildPhase;
			buildActionMask = 2147483647;
			files = (
			);
			runOnlyForDeploymentPostprocessing = 0;
		};
		22B3EFD92AAD948000BD5781 /* Resources */ = {
			isa = PBXResourcesBuildPhase;
			buildActionMask = 2147483647;
			files = (
			);
			runOnlyForDeploymentPostprocessing = 0;
		};
/* End PBXResourcesBuildPhase section */

/* Begin PBXSourcesBuildPhase section */
		22B3EFBD2AAD947E00BD5781 /* Sources */ = {
			isa = PBXSourcesBuildPhase;
			buildActionMask = 2147483647;
			files = (
				22B349152AADFD0F00B7BBE7 /* Tag.swift in Sources */,
				22B3490C2AADFD0F00B7BBE7 /* FireStoreManager.swift in Sources */,
				22B349172AADFD0F00B7BBE7 /* CreateTaskView.swift in Sources */,
				22B349062AADFD0F00B7BBE7 /* StatusViewModel.swift in Sources */,
				22B3490B2AADFD0F00B7BBE7 /* KeyboardResponder.swift in Sources */,
				22B349122AADFD0F00B7BBE7 /* Goal.swift in Sources */,
				22B3491D2AADFD0F00B7BBE7 /* SignInEmailView.swift in Sources */,
				22B349182AADFD0F00B7BBE7 /* SignUpEmailView.swift in Sources */,
				22B349092AADFD0F00B7BBE7 /* CADisplayLink+.swift in Sources */,
				22201E3B2AAFE13200074589 /* CreateGoalView.swift in Sources */,
				22B349132AADFD0F00B7BBE7 /* TasQuestTask.swift in Sources */,
				22B3491A2AADFD0F00B7BBE7 /* WelcomeView.swift in Sources */,
				22B3491E2AADFD0F00B7BBE7 /* SettingView.swift in Sources */,
				22B349102AADFD0F00B7BBE7 /* PageModel.swift in Sources */,
				223041AE2AB20FBC00C185EC /* HostModelInput.swift in Sources */,
				22B349042AADFD0F00B7BBE7 /* TaskViewModel.swift in Sources */,
				22B349212AADFD0F00B7BBE7 /* TasQuestTests.swift in Sources */,
				22B3491C2AADFD0F00B7BBE7 /* AuthenticationView.swift in Sources */,
				22B349082AADFD0F00B7BBE7 /* CustomEasing.swift in Sources */,
				22B349022AADFD0F00B7BBE7 /* SignUpViewModel.swift in Sources */,
				22B349192AADFD0F00B7BBE7 /* StatusView.swift in Sources */,
				22B349142AADFD0F00B7BBE7 /* Status.swift in Sources */,
				22B349032AADFD0F00B7BBE7 /* SettingViewModel.swift in Sources */,
				22B349072AADFD0F00B7BBE7 /* Throttler.swift in Sources */,
				22B349162AADFD0F00B7BBE7 /* AuthDataResultModel.swift in Sources */,
				226BD8C92AB1A54F00609537 /* Unity.swift in Sources */,
				22B349112AADFD0F00B7BBE7 /* AppData.swift in Sources */,
				22B3490A2AADFD0F00B7BBE7 /* AuthenticationManager.swift in Sources */,
				22B3491F2AADFD0F00B7BBE7 /* PageView.swift in Sources */,
				22B349202AADFD0F00B7BBE7 /* TasQuestApp.swift in Sources */,
				22B3491B2AADFD0F00B7BBE7 /* TaskView.swift in Sources */,
				22B349052AADFD0F00B7BBE7 /* SignInEmailViewModel.swift in Sources */,
			);
			runOnlyForDeploymentPostprocessing = 0;
		};
		22B3EFCD2AAD948000BD5781 /* Sources */ = {
			isa = PBXSourcesBuildPhase;
			buildActionMask = 2147483647;
			files = (
			);
			runOnlyForDeploymentPostprocessing = 0;
		};
		22B3EFD72AAD948000BD5781 /* Sources */ = {
			isa = PBXSourcesBuildPhase;
			buildActionMask = 2147483647;
			files = (
			);
			runOnlyForDeploymentPostprocessing = 0;
		};
/* End PBXSourcesBuildPhase section */

/* Begin PBXTargetDependency section */
		22B3EFD32AAD948000BD5781 /* PBXTargetDependency */ = {
			isa = PBXTargetDependency;
			target = 22B3EFC02AAD947E00BD5781 /* TasQuest */;
			targetProxy = 22B3EFD22AAD948000BD5781 /* PBXContainerItemProxy */;
		};
		22B3EFDD2AAD948000BD5781 /* PBXTargetDependency */ = {
			isa = PBXTargetDependency;
			target = 22B3EFC02AAD947E00BD5781 /* TasQuest */;
			targetProxy = 22B3EFDC2AAD948000BD5781 /* PBXContainerItemProxy */;
		};
/* End PBXTargetDependency section */

/* Begin XCBuildConfiguration section */
		22B3EFE32AAD948000BD5781 /* Debug */ = {
			isa = XCBuildConfiguration;
			buildSettings = {
				ALWAYS_SEARCH_USER_PATHS = NO;
				CLANG_ANALYZER_NONNULL = YES;
				CLANG_ANALYZER_NUMBER_OBJECT_CONVERSION = YES_AGGRESSIVE;
				CLANG_CXX_LANGUAGE_STANDARD = "gnu++20";
				CLANG_ENABLE_MODULES = YES;
				CLANG_ENABLE_OBJC_ARC = YES;
				CLANG_ENABLE_OBJC_WEAK = YES;
				CLANG_WARN_BLOCK_CAPTURE_AUTORELEASING = YES;
				CLANG_WARN_BOOL_CONVERSION = YES;
				CLANG_WARN_COMMA = YES;
				CLANG_WARN_CONSTANT_CONVERSION = YES;
				CLANG_WARN_DEPRECATED_OBJC_IMPLEMENTATIONS = YES;
				CLANG_WARN_DIRECT_OBJC_ISA_USAGE = YES_ERROR;
				CLANG_WARN_DOCUMENTATION_COMMENTS = YES;
				CLANG_WARN_EMPTY_BODY = YES;
				CLANG_WARN_ENUM_CONVERSION = YES;
				CLANG_WARN_INFINITE_RECURSION = YES;
				CLANG_WARN_INT_CONVERSION = YES;
				CLANG_WARN_NON_LITERAL_NULL_CONVERSION = YES;
				CLANG_WARN_OBJC_IMPLICIT_RETAIN_SELF = YES;
				CLANG_WARN_OBJC_LITERAL_CONVERSION = YES;
				CLANG_WARN_OBJC_ROOT_CLASS = YES_ERROR;
				CLANG_WARN_QUOTED_INCLUDE_IN_FRAMEWORK_HEADER = YES;
				CLANG_WARN_RANGE_LOOP_ANALYSIS = YES;
				CLANG_WARN_STRICT_PROTOTYPES = YES;
				CLANG_WARN_SUSPICIOUS_MOVE = YES;
				CLANG_WARN_UNGUARDED_AVAILABILITY = YES_AGGRESSIVE;
				CLANG_WARN_UNREACHABLE_CODE = YES;
				CLANG_WARN__DUPLICATE_METHOD_MATCH = YES;
				COPY_PHASE_STRIP = NO;
				DEBUG_INFORMATION_FORMAT = dwarf;
				ENABLE_STRICT_OBJC_MSGSEND = YES;
				ENABLE_TESTABILITY = YES;
				GCC_C_LANGUAGE_STANDARD = gnu11;
				GCC_DYNAMIC_NO_PIC = NO;
				GCC_NO_COMMON_BLOCKS = YES;
				GCC_OPTIMIZATION_LEVEL = 0;
				GCC_PREPROCESSOR_DEFINITIONS = (
					"DEBUG=1",
					"$(inherited)",
				);
				GCC_WARN_64_TO_32_BIT_CONVERSION = YES;
				GCC_WARN_ABOUT_RETURN_TYPE = YES_ERROR;
				GCC_WARN_UNDECLARED_SELECTOR = YES;
				GCC_WARN_UNINITIALIZED_AUTOS = YES_AGGRESSIVE;
				GCC_WARN_UNUSED_FUNCTION = YES;
				GCC_WARN_UNUSED_VARIABLE = YES;
				IPHONEOS_DEPLOYMENT_TARGET = 16.4;
				MTL_ENABLE_DEBUG_INFO = INCLUDE_SOURCE;
				MTL_FAST_MATH = YES;
				ONLY_ACTIVE_ARCH = YES;
				SDKROOT = iphoneos;
				SWIFT_ACTIVE_COMPILATION_CONDITIONS = DEBUG;
				SWIFT_OPTIMIZATION_LEVEL = "-Onone";
			};
			name = Debug;
		};
		22B3EFE42AAD948000BD5781 /* Release */ = {
			isa = XCBuildConfiguration;
			buildSettings = {
				ALWAYS_SEARCH_USER_PATHS = NO;
				CLANG_ANALYZER_NONNULL = YES;
				CLANG_ANALYZER_NUMBER_OBJECT_CONVERSION = YES_AGGRESSIVE;
				CLANG_CXX_LANGUAGE_STANDARD = "gnu++20";
				CLANG_ENABLE_MODULES = YES;
				CLANG_ENABLE_OBJC_ARC = YES;
				CLANG_ENABLE_OBJC_WEAK = YES;
				CLANG_WARN_BLOCK_CAPTURE_AUTORELEASING = YES;
				CLANG_WARN_BOOL_CONVERSION = YES;
				CLANG_WARN_COMMA = YES;
				CLANG_WARN_CONSTANT_CONVERSION = YES;
				CLANG_WARN_DEPRECATED_OBJC_IMPLEMENTATIONS = YES;
				CLANG_WARN_DIRECT_OBJC_ISA_USAGE = YES_ERROR;
				CLANG_WARN_DOCUMENTATION_COMMENTS = YES;
				CLANG_WARN_EMPTY_BODY = YES;
				CLANG_WARN_ENUM_CONVERSION = YES;
				CLANG_WARN_INFINITE_RECURSION = YES;
				CLANG_WARN_INT_CONVERSION = YES;
				CLANG_WARN_NON_LITERAL_NULL_CONVERSION = YES;
				CLANG_WARN_OBJC_IMPLICIT_RETAIN_SELF = YES;
				CLANG_WARN_OBJC_LITERAL_CONVERSION = YES;
				CLANG_WARN_OBJC_ROOT_CLASS = YES_ERROR;
				CLANG_WARN_QUOTED_INCLUDE_IN_FRAMEWORK_HEADER = YES;
				CLANG_WARN_RANGE_LOOP_ANALYSIS = YES;
				CLANG_WARN_STRICT_PROTOTYPES = YES;
				CLANG_WARN_SUSPICIOUS_MOVE = YES;
				CLANG_WARN_UNGUARDED_AVAILABILITY = YES_AGGRESSIVE;
				CLANG_WARN_UNREACHABLE_CODE = YES;
				CLANG_WARN__DUPLICATE_METHOD_MATCH = YES;
				COPY_PHASE_STRIP = NO;
				DEBUG_INFORMATION_FORMAT = "dwarf-with-dsym";
				ENABLE_NS_ASSERTIONS = NO;
				ENABLE_STRICT_OBJC_MSGSEND = YES;
				GCC_C_LANGUAGE_STANDARD = gnu11;
				GCC_NO_COMMON_BLOCKS = YES;
				GCC_WARN_64_TO_32_BIT_CONVERSION = YES;
				GCC_WARN_ABOUT_RETURN_TYPE = YES_ERROR;
				GCC_WARN_UNDECLARED_SELECTOR = YES;
				GCC_WARN_UNINITIALIZED_AUTOS = YES_AGGRESSIVE;
				GCC_WARN_UNUSED_FUNCTION = YES;
				GCC_WARN_UNUSED_VARIABLE = YES;
				IPHONEOS_DEPLOYMENT_TARGET = 16.4;
				MTL_ENABLE_DEBUG_INFO = NO;
				MTL_FAST_MATH = YES;
				SDKROOT = iphoneos;
				SWIFT_COMPILATION_MODE = wholemodule;
				SWIFT_OPTIMIZATION_LEVEL = "-O";
				VALIDATE_PRODUCT = YES;
			};
			name = Release;
		};
		22B3EFE62AAD948000BD5781 /* Debug */ = {
			isa = XCBuildConfiguration;
			buildSettings = {
				ASSETCATALOG_COMPILER_APPICON_NAME = AppIcon;
				ASSETCATALOG_COMPILER_GLOBAL_ACCENT_COLOR_NAME = AccentColor;
				CODE_SIGN_STYLE = Automatic;
				CURRENT_PROJECT_VERSION = 1;
				DEVELOPMENT_ASSET_PATHS = "";
				DEVELOPMENT_TEAM = 3J329298Z2;
				ENABLE_PREVIEWS = YES;
				FRAMEWORK_SEARCH_PATHS = (
					"$(inherited)",
					"$(PROJECT_DIR)",
				);
				GENERATE_INFOPLIST_FILE = YES;
				INFOPLIST_KEY_UIApplicationSceneManifest_Generation = YES;
				INFOPLIST_KEY_UIApplicationSupportsIndirectInputEvents = YES;
				INFOPLIST_KEY_UILaunchScreen_Generation = YES;
				INFOPLIST_KEY_UISupportedInterfaceOrientations_iPad = "UIInterfaceOrientationPortrait UIInterfaceOrientationPortraitUpsideDown UIInterfaceOrientationLandscapeLeft UIInterfaceOrientationLandscapeRight";
				INFOPLIST_KEY_UISupportedInterfaceOrientations_iPhone = "UIInterfaceOrientationPortrait UIInterfaceOrientationLandscapeLeft UIInterfaceOrientationLandscapeRight";
				LD_RUNPATH_SEARCH_PATHS = (
					"$(inherited)",
					"@executable_path/Frameworks",
				);
				MARKETING_VERSION = 1.0;
				OTHER_LDFLAGS = "$(inherited)";
				PRODUCT_BUNDLE_IDENTIFIER = GreenTeaProgrammers.TasQuest;
				PRODUCT_NAME = "$(TARGET_NAME)";
				SWIFT_EMIT_LOC_STRINGS = YES;
				SWIFT_VERSION = 5.0;
				TARGETED_DEVICE_FAMILY = "1,2";
			};
			name = Debug;
		};
		22B3EFE72AAD948000BD5781 /* Release */ = {
			isa = XCBuildConfiguration;
			buildSettings = {
				ASSETCATALOG_COMPILER_APPICON_NAME = AppIcon;
				ASSETCATALOG_COMPILER_GLOBAL_ACCENT_COLOR_NAME = AccentColor;
				CODE_SIGN_STYLE = Automatic;
				CURRENT_PROJECT_VERSION = 1;
				DEVELOPMENT_ASSET_PATHS = "";
				DEVELOPMENT_TEAM = 3J329298Z2;
				ENABLE_PREVIEWS = YES;
				FRAMEWORK_SEARCH_PATHS = (
					"$(inherited)",
					"$(PROJECT_DIR)",
				);
				GENERATE_INFOPLIST_FILE = YES;
				INFOPLIST_KEY_UIApplicationSceneManifest_Generation = YES;
				INFOPLIST_KEY_UIApplicationSupportsIndirectInputEvents = YES;
				INFOPLIST_KEY_UILaunchScreen_Generation = YES;
				INFOPLIST_KEY_UISupportedInterfaceOrientations_iPad = "UIInterfaceOrientationPortrait UIInterfaceOrientationPortraitUpsideDown UIInterfaceOrientationLandscapeLeft UIInterfaceOrientationLandscapeRight";
				INFOPLIST_KEY_UISupportedInterfaceOrientations_iPhone = "UIInterfaceOrientationPortrait UIInterfaceOrientationLandscapeLeft UIInterfaceOrientationLandscapeRight";
				LD_RUNPATH_SEARCH_PATHS = (
					"$(inherited)",
					"@executable_path/Frameworks",
				);
				MARKETING_VERSION = 1.0;
				OTHER_LDFLAGS = "$(inherited)";
				PRODUCT_BUNDLE_IDENTIFIER = GreenTeaProgrammers.TasQuest;
				PRODUCT_NAME = "$(TARGET_NAME)";
				SWIFT_EMIT_LOC_STRINGS = YES;
				SWIFT_VERSION = 5.0;
				TARGETED_DEVICE_FAMILY = "1,2";
			};
			name = Release;
		};
		22B3EFE92AAD948000BD5781 /* Debug */ = {
			isa = XCBuildConfiguration;
			buildSettings = {
				ALWAYS_EMBED_SWIFT_STANDARD_LIBRARIES = YES;
				BUNDLE_LOADER = "$(TEST_HOST)";
				CODE_SIGN_STYLE = Automatic;
				CURRENT_PROJECT_VERSION = 1;
				DEVELOPMENT_TEAM = 3J329298Z2;
				GENERATE_INFOPLIST_FILE = YES;
				IPHONEOS_DEPLOYMENT_TARGET = 16.4;
				MARKETING_VERSION = 1.0;
				PRODUCT_BUNDLE_IDENTIFIER = GreenTeaProgrammers.TasQuestTests;
				PRODUCT_NAME = "$(TARGET_NAME)";
				SWIFT_EMIT_LOC_STRINGS = NO;
				SWIFT_VERSION = 5.0;
				TARGETED_DEVICE_FAMILY = "1,2";
				TEST_HOST = "$(BUILT_PRODUCTS_DIR)/TasQuest.app/$(BUNDLE_EXECUTABLE_FOLDER_PATH)/TasQuest";
			};
			name = Debug;
		};
		22B3EFEA2AAD948000BD5781 /* Release */ = {
			isa = XCBuildConfiguration;
			buildSettings = {
				ALWAYS_EMBED_SWIFT_STANDARD_LIBRARIES = YES;
				BUNDLE_LOADER = "$(TEST_HOST)";
				CODE_SIGN_STYLE = Automatic;
				CURRENT_PROJECT_VERSION = 1;
				DEVELOPMENT_TEAM = 3J329298Z2;
				GENERATE_INFOPLIST_FILE = YES;
				IPHONEOS_DEPLOYMENT_TARGET = 16.4;
				MARKETING_VERSION = 1.0;
				PRODUCT_BUNDLE_IDENTIFIER = GreenTeaProgrammers.TasQuestTests;
				PRODUCT_NAME = "$(TARGET_NAME)";
				SWIFT_EMIT_LOC_STRINGS = NO;
				SWIFT_VERSION = 5.0;
				TARGETED_DEVICE_FAMILY = "1,2";
				TEST_HOST = "$(BUILT_PRODUCTS_DIR)/TasQuest.app/$(BUNDLE_EXECUTABLE_FOLDER_PATH)/TasQuest";
			};
			name = Release;
		};
		22B3EFEC2AAD948000BD5781 /* Debug */ = {
			isa = XCBuildConfiguration;
			buildSettings = {
				ALWAYS_EMBED_SWIFT_STANDARD_LIBRARIES = YES;
				CODE_SIGN_STYLE = Automatic;
				CURRENT_PROJECT_VERSION = 1;
				DEVELOPMENT_TEAM = 3J329298Z2;
				GENERATE_INFOPLIST_FILE = YES;
				MARKETING_VERSION = 1.0;
				PRODUCT_BUNDLE_IDENTIFIER = GreenTeaProgrammers.TasQuestUITests;
				PRODUCT_NAME = "$(TARGET_NAME)";
				SWIFT_EMIT_LOC_STRINGS = NO;
				SWIFT_VERSION = 5.0;
				TARGETED_DEVICE_FAMILY = "1,2";
				TEST_TARGET_NAME = TasQuest;
			};
			name = Debug;
		};
		22B3EFED2AAD948000BD5781 /* Release */ = {
			isa = XCBuildConfiguration;
			buildSettings = {
				ALWAYS_EMBED_SWIFT_STANDARD_LIBRARIES = YES;
				CODE_SIGN_STYLE = Automatic;
				CURRENT_PROJECT_VERSION = 1;
				DEVELOPMENT_TEAM = 3J329298Z2;
				GENERATE_INFOPLIST_FILE = YES;
				MARKETING_VERSION = 1.0;
				PRODUCT_BUNDLE_IDENTIFIER = GreenTeaProgrammers.TasQuestUITests;
				PRODUCT_NAME = "$(TARGET_NAME)";
				SWIFT_EMIT_LOC_STRINGS = NO;
				SWIFT_VERSION = 5.0;
				TARGETED_DEVICE_FAMILY = "1,2";
				TEST_TARGET_NAME = TasQuest;
			};
			name = Release;
		};
/* End XCBuildConfiguration section */

/* Begin XCConfigurationList section */
		22B3EFBC2AAD947E00BD5781 /* Build configuration list for PBXProject "TasQuest" */ = {
			isa = XCConfigurationList;
			buildConfigurations = (
				22B3EFE32AAD948000BD5781 /* Debug */,
				22B3EFE42AAD948000BD5781 /* Release */,
			);
			defaultConfigurationIsVisible = 0;
			defaultConfigurationName = Release;
		};
		22B3EFE52AAD948000BD5781 /* Build configuration list for PBXNativeTarget "TasQuest" */ = {
			isa = XCConfigurationList;
			buildConfigurations = (
				22B3EFE62AAD948000BD5781 /* Debug */,
				22B3EFE72AAD948000BD5781 /* Release */,
			);
			defaultConfigurationIsVisible = 0;
			defaultConfigurationName = Release;
		};
		22B3EFE82AAD948000BD5781 /* Build configuration list for PBXNativeTarget "TasQuestTests" */ = {
			isa = XCConfigurationList;
			buildConfigurations = (
				22B3EFE92AAD948000BD5781 /* Debug */,
				22B3EFEA2AAD948000BD5781 /* Release */,
			);
			defaultConfigurationIsVisible = 0;
			defaultConfigurationName = Release;
		};
		22B3EFEB2AAD948000BD5781 /* Build configuration list for PBXNativeTarget "TasQuestUITests" */ = {
			isa = XCConfigurationList;
			buildConfigurations = (
				22B3EFEC2AAD948000BD5781 /* Debug */,
				22B3EFED2AAD948000BD5781 /* Release */,
			);
			defaultConfigurationIsVisible = 0;
			defaultConfigurationName = Release;
		};
/* End XCConfigurationList section */

/* Begin XCRemoteSwiftPackageReference section */
		22B3F0372AAD980000BD5781 /* XCRemoteSwiftPackageReference "firebase-ios-sdk" */ = {
			isa = XCRemoteSwiftPackageReference;
			repositoryURL = "https://github.com/firebase/firebase-ios-sdk.git";
			requirement = {
				kind = exactVersion;
				version = 10.14.0;
			};
		};
/* End XCRemoteSwiftPackageReference section */

/* Begin XCSwiftPackageProductDependency section */
		22B3F0382AAD980100BD5781 /* FirebaseAnalytics */ = {
			isa = XCSwiftPackageProductDependency;
			package = 22B3F0372AAD980000BD5781 /* XCRemoteSwiftPackageReference "firebase-ios-sdk" */;
			productName = FirebaseAnalytics;
		};
		22B3F03A2AAD980100BD5781 /* FirebaseAnalyticsSwift */ = {
			isa = XCSwiftPackageProductDependency;
			package = 22B3F0372AAD980000BD5781 /* XCRemoteSwiftPackageReference "firebase-ios-sdk" */;
			productName = FirebaseAnalyticsSwift;
		};
		22B3F03C2AAD980100BD5781 /* FirebaseAuth */ = {
			isa = XCSwiftPackageProductDependency;
			package = 22B3F0372AAD980000BD5781 /* XCRemoteSwiftPackageReference "firebase-ios-sdk" */;
			productName = FirebaseAuth;
		};
		22B3F03E2AAD980100BD5781 /* FirebaseFirestore */ = {
			isa = XCSwiftPackageProductDependency;
			package = 22B3F0372AAD980000BD5781 /* XCRemoteSwiftPackageReference "firebase-ios-sdk" */;
			productName = FirebaseFirestore;
		};
		22B3F0402AAD980100BD5781 /* FirebaseFirestoreSwift */ = {
			isa = XCSwiftPackageProductDependency;
			package = 22B3F0372AAD980000BD5781 /* XCRemoteSwiftPackageReference "firebase-ios-sdk" */;
			productName = FirebaseFirestoreSwift;
		};
/* End XCSwiftPackageProductDependency section */
	};
	rootObject = 22B3EFB92AAD947E00BD5781 /* Project object */;
}
