// !$*UTF8*$!
{
	archiveVersion = 1;
	classes = {
	};
	objectVersion = 56;
	objects = {

/* Begin PBXBuildFile section */
		2221A81C2AB27D0E0005DE4A /* Unity.swift in Sources */ = {isa = PBXBuildFile; fileRef = 2221A7F32AB27D0E0005DE4A /* Unity.swift */; };
		2221A81D2AB27D0E0005DE4A /* PageModel.swift in Sources */ = {isa = PBXBuildFile; fileRef = 2221A7F52AB27D0E0005DE4A /* PageModel.swift */; };
		2221A81E2AB27D0E0005DE4A /* AppData.swift in Sources */ = {isa = PBXBuildFile; fileRef = 2221A7F62AB27D0E0005DE4A /* AppData.swift */; };
		2221A81F2AB27D0E0005DE4A /* Goal.swift in Sources */ = {isa = PBXBuildFile; fileRef = 2221A7F72AB27D0E0005DE4A /* Goal.swift */; };
		2221A8202AB27D0E0005DE4A /* TasQuestTask.swift in Sources */ = {isa = PBXBuildFile; fileRef = 2221A7F82AB27D0E0005DE4A /* TasQuestTask.swift */; };
		2221A8212AB27D0E0005DE4A /* Status.swift in Sources */ = {isa = PBXBuildFile; fileRef = 2221A7F92AB27D0E0005DE4A /* Status.swift */; };
		2221A8222AB27D0E0005DE4A /* Tag.swift in Sources */ = {isa = PBXBuildFile; fileRef = 2221A7FA2AB27D0E0005DE4A /* Tag.swift */; };
		2221A8232AB27D0E0005DE4A /* AuthDataResultModel.swift in Sources */ = {isa = PBXBuildFile; fileRef = 2221A7FB2AB27D0E0005DE4A /* AuthDataResultModel.swift */; };
		2221A8242AB27D0E0005DE4A /* TagEditorView.swift in Sources */ = {isa = PBXBuildFile; fileRef = 2221A7FD2AB27D0E0005DE4A /* TagEditorView.swift */; };
		2221A8252AB27D0E0005DE4A /* CreateGoalView.swift in Sources */ = {isa = PBXBuildFile; fileRef = 2221A7FE2AB27D0E0005DE4A /* CreateGoalView.swift */; };
		2221A8262AB27D0E0005DE4A /* CreateTaskView.swift in Sources */ = {isa = PBXBuildFile; fileRef = 2221A7FF2AB27D0E0005DE4A /* CreateTaskView.swift */; };
		2221A8272AB27D0E0005DE4A /* SignUpEmailView.swift in Sources */ = {isa = PBXBuildFile; fileRef = 2221A8002AB27D0E0005DE4A /* SignUpEmailView.swift */; };
		2221A8282AB27D0E0005DE4A /* StatusView.swift in Sources */ = {isa = PBXBuildFile; fileRef = 2221A8012AB27D0E0005DE4A /* StatusView.swift */; };
		2221A8292AB27D0E0005DE4A /* WelcomeView.swift in Sources */ = {isa = PBXBuildFile; fileRef = 2221A8022AB27D0E0005DE4A /* WelcomeView.swift */; };
		2221A82A2AB27D0E0005DE4A /* TaskView.swift in Sources */ = {isa = PBXBuildFile; fileRef = 2221A8032AB27D0E0005DE4A /* TaskView.swift */; };
		2221A82B2AB27D0E0005DE4A /* AuthenticationView.swift in Sources */ = {isa = PBXBuildFile; fileRef = 2221A8042AB27D0E0005DE4A /* AuthenticationView.swift */; };
		2221A82C2AB27D0E0005DE4A /* TagView.swift in Sources */ = {isa = PBXBuildFile; fileRef = 2221A8052AB27D0E0005DE4A /* TagView.swift */; };
		2221A82D2AB27D0E0005DE4A /* SignInEmailView.swift in Sources */ = {isa = PBXBuildFile; fileRef = 2221A8062AB27D0E0005DE4A /* SignInEmailView.swift */; };
		2221A82E2AB27D0E0005DE4A /* SettingView.swift in Sources */ = {isa = PBXBuildFile; fileRef = 2221A8072AB27D0E0005DE4A /* SettingView.swift */; };
		2221A82F2AB27D0E0005DE4A /* PageView.swift in Sources */ = {isa = PBXBuildFile; fileRef = 2221A8082AB27D0E0005DE4A /* PageView.swift */; };
		2221A8302AB27D0E0005DE4A /* SignUpViewModel.swift in Sources */ = {isa = PBXBuildFile; fileRef = 2221A80A2AB27D0E0005DE4A /* SignUpViewModel.swift */; };
		2221A8312AB27D0E0005DE4A /* SettingViewModel.swift in Sources */ = {isa = PBXBuildFile; fileRef = 2221A80B2AB27D0E0005DE4A /* SettingViewModel.swift */; };
		2221A8322AB27D0E0005DE4A /* TaskViewModel.swift in Sources */ = {isa = PBXBuildFile; fileRef = 2221A80C2AB27D0E0005DE4A /* TaskViewModel.swift */; };
		2221A8332AB27D0E0005DE4A /* SignInEmailViewModel.swift in Sources */ = {isa = PBXBuildFile; fileRef = 2221A80D2AB27D0E0005DE4A /* SignInEmailViewModel.swift */; };
		2221A8342AB27D0E0005DE4A /* StatusViewModel.swift in Sources */ = {isa = PBXBuildFile; fileRef = 2221A80E2AB27D0E0005DE4A /* StatusViewModel.swift */; };
		2221A8352AB27D0E0005DE4A /* Assets.xcassets in Resources */ = {isa = PBXBuildFile; fileRef = 2221A80F2AB27D0E0005DE4A /* Assets.xcassets */; };
		2221A8362AB27D0E0005DE4A /* Preview Assets.xcassets in Resources */ = {isa = PBXBuildFile; fileRef = 2221A8112AB27D0E0005DE4A /* Preview Assets.xcassets */; };
		2221A8372AB27D0E0005DE4A /* Throttler.swift in Sources */ = {isa = PBXBuildFile; fileRef = 2221A8132AB27D0E0005DE4A /* Throttler.swift */; };
		2221A8382AB27D0E0005DE4A /* CustomEasing.swift in Sources */ = {isa = PBXBuildFile; fileRef = 2221A8142AB27D0E0005DE4A /* CustomEasing.swift */; };
		2221A8392AB27D0E0005DE4A /* CADisplayLink+.swift in Sources */ = {isa = PBXBuildFile; fileRef = 2221A8152AB27D0E0005DE4A /* CADisplayLink+.swift */; };
		2221A83A2AB27D0E0005DE4A /* AuthenticationManager.swift in Sources */ = {isa = PBXBuildFile; fileRef = 2221A8162AB27D0E0005DE4A /* AuthenticationManager.swift */; };
		2221A83B2AB27D0E0005DE4A /* KeyboardResponder.swift in Sources */ = {isa = PBXBuildFile; fileRef = 2221A8172AB27D0E0005DE4A /* KeyboardResponder.swift */; };
		2221A83C2AB27D0E0005DE4A /* HostModelInput.swift in Sources */ = {isa = PBXBuildFile; fileRef = 2221A8182AB27D0E0005DE4A /* HostModelInput.swift */; };
		2221A83D2AB27D0E0005DE4A /* FireStoreManager.swift in Sources */ = {isa = PBXBuildFile; fileRef = 2221A8192AB27D0E0005DE4A /* FireStoreManager.swift */; };
		2221A83E2AB27D0E0005DE4A /* GoogleService-Info.plist in Resources */ = {isa = PBXBuildFile; fileRef = 2221A81A2AB27D0E0005DE4A /* GoogleService-Info.plist */; };
		2221A83F2AB27D0E0005DE4A /* TasQuestApp.swift in Sources */ = {isa = PBXBuildFile; fileRef = 2221A81B2AB27D0E0005DE4A /* TasQuestApp.swift */; };
		2264E60B2AB2812600E56C44 /* UnityFramework.framework in Frameworks */ = {isa = PBXBuildFile; fileRef = 2264E60A2AB2812600E56C44 /* UnityFramework.framework */; };
		2264E60C2AB2812600E56C44 /* UnityFramework.framework in Embed Frameworks */ = {isa = PBXBuildFile; fileRef = 2264E60A2AB2812600E56C44 /* UnityFramework.framework */; settings = {ATTRIBUTES = (CodeSignOnCopy, RemoveHeadersOnCopy, ); }; };
		2264E60F2AB2834800E56C44 /* FirebaseAnalytics in Frameworks */ = {isa = PBXBuildFile; productRef = 2264E60E2AB2834800E56C44 /* FirebaseAnalytics */; };
		2264E6112AB2834800E56C44 /* FirebaseAnalyticsSwift in Frameworks */ = {isa = PBXBuildFile; productRef = 2264E6102AB2834800E56C44 /* FirebaseAnalyticsSwift */; };
		2264E6132AB2834800E56C44 /* FirebaseAuth in Frameworks */ = {isa = PBXBuildFile; productRef = 2264E6122AB2834800E56C44 /* FirebaseAuth */; };
		2264E6152AB2834800E56C44 /* FirebaseFirestore in Frameworks */ = {isa = PBXBuildFile; productRef = 2264E6142AB2834800E56C44 /* FirebaseFirestore */; };
		2264E6172AB2834800E56C44 /* FirebaseFirestoreSwift in Frameworks */ = {isa = PBXBuildFile; productRef = 2264E6162AB2834800E56C44 /* FirebaseFirestoreSwift */; };
/* End PBXBuildFile section */

/* Begin PBXContainerItemProxy section */
		22F17B262AB27B9500D101F9 /* PBXContainerItemProxy */ = {
			isa = PBXContainerItemProxy;
			containerPortal = 22F17B0D2AB27B9400D101F9 /* Project object */;
			proxyType = 1;
			remoteGlobalIDString = 22F17B142AB27B9400D101F9;
			remoteInfo = TasQuest;
		};
		22F17B302AB27B9500D101F9 /* PBXContainerItemProxy */ = {
			isa = PBXContainerItemProxy;
			containerPortal = 22F17B0D2AB27B9400D101F9 /* Project object */;
			proxyType = 1;
			remoteGlobalIDString = 22F17B142AB27B9400D101F9;
			remoteInfo = TasQuest;
		};
/* End PBXContainerItemProxy section */

/* Begin PBXCopyFilesBuildPhase section */
		2264E60D2AB2812600E56C44 /* Embed Frameworks */ = {
			isa = PBXCopyFilesBuildPhase;
			buildActionMask = 2147483647;
			dstPath = "";
			dstSubfolderSpec = 10;
			files = (
				2264E60C2AB2812600E56C44 /* UnityFramework.framework in Embed Frameworks */,
			);
			name = "Embed Frameworks";
			runOnlyForDeploymentPostprocessing = 0;
		};
/* End PBXCopyFilesBuildPhase section */

/* Begin PBXFileReference section */
		2221A7F02AB27D0E0005DE4A /* TasQuest-Bridging-Header.h */ = {isa = PBXFileReference; lastKnownFileType = sourcecode.c.h; path = "TasQuest-Bridging-Header.h"; sourceTree = "<group>"; };
		2221A7F32AB27D0E0005DE4A /* Unity.swift */ = {isa = PBXFileReference; fileEncoding = 4; lastKnownFileType = sourcecode.swift; path = Unity.swift; sourceTree = "<group>"; };
		2221A7F52AB27D0E0005DE4A /* PageModel.swift */ = {isa = PBXFileReference; fileEncoding = 4; lastKnownFileType = sourcecode.swift; path = PageModel.swift; sourceTree = "<group>"; };
		2221A7F62AB27D0E0005DE4A /* AppData.swift */ = {isa = PBXFileReference; fileEncoding = 4; lastKnownFileType = sourcecode.swift; path = AppData.swift; sourceTree = "<group>"; };
		2221A7F72AB27D0E0005DE4A /* Goal.swift */ = {isa = PBXFileReference; fileEncoding = 4; lastKnownFileType = sourcecode.swift; path = Goal.swift; sourceTree = "<group>"; };
		2221A7F82AB27D0E0005DE4A /* TasQuestTask.swift */ = {isa = PBXFileReference; fileEncoding = 4; lastKnownFileType = sourcecode.swift; path = TasQuestTask.swift; sourceTree = "<group>"; };
		2221A7F92AB27D0E0005DE4A /* Status.swift */ = {isa = PBXFileReference; fileEncoding = 4; lastKnownFileType = sourcecode.swift; path = Status.swift; sourceTree = "<group>"; };
		2221A7FA2AB27D0E0005DE4A /* Tag.swift */ = {isa = PBXFileReference; fileEncoding = 4; lastKnownFileType = sourcecode.swift; path = Tag.swift; sourceTree = "<group>"; };
		2221A7FB2AB27D0E0005DE4A /* AuthDataResultModel.swift */ = {isa = PBXFileReference; fileEncoding = 4; lastKnownFileType = sourcecode.swift; path = AuthDataResultModel.swift; sourceTree = "<group>"; };
		2221A7FD2AB27D0E0005DE4A /* TagEditorView.swift */ = {isa = PBXFileReference; fileEncoding = 4; lastKnownFileType = sourcecode.swift; path = TagEditorView.swift; sourceTree = "<group>"; };
		2221A7FE2AB27D0E0005DE4A /* CreateGoalView.swift */ = {isa = PBXFileReference; fileEncoding = 4; lastKnownFileType = sourcecode.swift; path = CreateGoalView.swift; sourceTree = "<group>"; };
		2221A7FF2AB27D0E0005DE4A /* CreateTaskView.swift */ = {isa = PBXFileReference; fileEncoding = 4; lastKnownFileType = sourcecode.swift; path = CreateTaskView.swift; sourceTree = "<group>"; };
		2221A8002AB27D0E0005DE4A /* SignUpEmailView.swift */ = {isa = PBXFileReference; fileEncoding = 4; lastKnownFileType = sourcecode.swift; path = SignUpEmailView.swift; sourceTree = "<group>"; };
		2221A8012AB27D0E0005DE4A /* StatusView.swift */ = {isa = PBXFileReference; fileEncoding = 4; lastKnownFileType = sourcecode.swift; path = StatusView.swift; sourceTree = "<group>"; };
		2221A8022AB27D0E0005DE4A /* WelcomeView.swift */ = {isa = PBXFileReference; fileEncoding = 4; lastKnownFileType = sourcecode.swift; path = WelcomeView.swift; sourceTree = "<group>"; };
		2221A8032AB27D0E0005DE4A /* TaskView.swift */ = {isa = PBXFileReference; fileEncoding = 4; lastKnownFileType = sourcecode.swift; path = TaskView.swift; sourceTree = "<group>"; };
		2221A8042AB27D0E0005DE4A /* AuthenticationView.swift */ = {isa = PBXFileReference; fileEncoding = 4; lastKnownFileType = sourcecode.swift; path = AuthenticationView.swift; sourceTree = "<group>"; };
		2221A8052AB27D0E0005DE4A /* TagView.swift */ = {isa = PBXFileReference; fileEncoding = 4; lastKnownFileType = sourcecode.swift; path = TagView.swift; sourceTree = "<group>"; };
		2221A8062AB27D0E0005DE4A /* SignInEmailView.swift */ = {isa = PBXFileReference; fileEncoding = 4; lastKnownFileType = sourcecode.swift; path = SignInEmailView.swift; sourceTree = "<group>"; };
		2221A8072AB27D0E0005DE4A /* SettingView.swift */ = {isa = PBXFileReference; fileEncoding = 4; lastKnownFileType = sourcecode.swift; path = SettingView.swift; sourceTree = "<group>"; };
		2221A8082AB27D0E0005DE4A /* PageView.swift */ = {isa = PBXFileReference; fileEncoding = 4; lastKnownFileType = sourcecode.swift; path = PageView.swift; sourceTree = "<group>"; };
		2221A80A2AB27D0E0005DE4A /* SignUpViewModel.swift */ = {isa = PBXFileReference; fileEncoding = 4; lastKnownFileType = sourcecode.swift; path = SignUpViewModel.swift; sourceTree = "<group>"; };
		2221A80B2AB27D0E0005DE4A /* SettingViewModel.swift */ = {isa = PBXFileReference; fileEncoding = 4; lastKnownFileType = sourcecode.swift; path = SettingViewModel.swift; sourceTree = "<group>"; };
		2221A80C2AB27D0E0005DE4A /* TaskViewModel.swift */ = {isa = PBXFileReference; fileEncoding = 4; lastKnownFileType = sourcecode.swift; path = TaskViewModel.swift; sourceTree = "<group>"; };
		2221A80D2AB27D0E0005DE4A /* SignInEmailViewModel.swift */ = {isa = PBXFileReference; fileEncoding = 4; lastKnownFileType = sourcecode.swift; path = SignInEmailViewModel.swift; sourceTree = "<group>"; };
		2221A80E2AB27D0E0005DE4A /* StatusViewModel.swift */ = {isa = PBXFileReference; fileEncoding = 4; lastKnownFileType = sourcecode.swift; path = StatusViewModel.swift; sourceTree = "<group>"; };
		2221A80F2AB27D0E0005DE4A /* Assets.xcassets */ = {isa = PBXFileReference; lastKnownFileType = folder.assetcatalog; path = Assets.xcassets; sourceTree = "<group>"; };
		2221A8112AB27D0E0005DE4A /* Preview Assets.xcassets */ = {isa = PBXFileReference; lastKnownFileType = folder.assetcatalog; path = "Preview Assets.xcassets"; sourceTree = "<group>"; };
		2221A8132AB27D0E0005DE4A /* Throttler.swift */ = {isa = PBXFileReference; fileEncoding = 4; lastKnownFileType = sourcecode.swift; path = Throttler.swift; sourceTree = "<group>"; };
		2221A8142AB27D0E0005DE4A /* CustomEasing.swift */ = {isa = PBXFileReference; fileEncoding = 4; lastKnownFileType = sourcecode.swift; path = CustomEasing.swift; sourceTree = "<group>"; };
		2221A8152AB27D0E0005DE4A /* CADisplayLink+.swift */ = {isa = PBXFileReference; fileEncoding = 4; lastKnownFileType = sourcecode.swift; path = "CADisplayLink+.swift"; sourceTree = "<group>"; };
		2221A8162AB27D0E0005DE4A /* AuthenticationManager.swift */ = {isa = PBXFileReference; fileEncoding = 4; lastKnownFileType = sourcecode.swift; path = AuthenticationManager.swift; sourceTree = "<group>"; };
		2221A8172AB27D0E0005DE4A /* KeyboardResponder.swift */ = {isa = PBXFileReference; fileEncoding = 4; lastKnownFileType = sourcecode.swift; path = KeyboardResponder.swift; sourceTree = "<group>"; };
		2221A8182AB27D0E0005DE4A /* HostModelInput.swift */ = {isa = PBXFileReference; fileEncoding = 4; lastKnownFileType = sourcecode.swift; path = HostModelInput.swift; sourceTree = "<group>"; };
		2221A8192AB27D0E0005DE4A /* FireStoreManager.swift */ = {isa = PBXFileReference; fileEncoding = 4; lastKnownFileType = sourcecode.swift; path = FireStoreManager.swift; sourceTree = "<group>"; };
		2221A81A2AB27D0E0005DE4A /* GoogleService-Info.plist */ = {isa = PBXFileReference; fileEncoding = 4; lastKnownFileType = text.plist.xml; path = "GoogleService-Info.plist"; sourceTree = "<group>"; };
		2221A81B2AB27D0E0005DE4A /* TasQuestApp.swift */ = {isa = PBXFileReference; fileEncoding = 4; lastKnownFileType = sourcecode.swift; path = TasQuestApp.swift; sourceTree = "<group>"; };
		2264E60A2AB2812600E56C44 /* UnityFramework.framework */ = {isa = PBXFileReference; explicitFileType = wrapper.framework; path = UnityFramework.framework; sourceTree = BUILT_PRODUCTS_DIR; };
		22F17B152AB27B9400D101F9 /* TasQuest.app */ = {isa = PBXFileReference; explicitFileType = wrapper.application; includeInIndex = 0; path = TasQuest.app; sourceTree = BUILT_PRODUCTS_DIR; };
		22F17B252AB27B9500D101F9 /* TasQuestTests.xctest */ = {isa = PBXFileReference; explicitFileType = wrapper.cfbundle; includeInIndex = 0; path = TasQuestTests.xctest; sourceTree = BUILT_PRODUCTS_DIR; };
		22F17B2F2AB27B9500D101F9 /* TasQuestUITests.xctest */ = {isa = PBXFileReference; explicitFileType = wrapper.cfbundle; includeInIndex = 0; path = TasQuestUITests.xctest; sourceTree = BUILT_PRODUCTS_DIR; };
/* End PBXFileReference section */

/* Begin PBXFrameworksBuildPhase section */
		22F17B122AB27B9400D101F9 /* Frameworks */ = {
			isa = PBXFrameworksBuildPhase;
			buildActionMask = 2147483647;
			files = (
				2264E6112AB2834800E56C44 /* FirebaseAnalyticsSwift in Frameworks */,
				2264E60F2AB2834800E56C44 /* FirebaseAnalytics in Frameworks */,
				2264E60B2AB2812600E56C44 /* UnityFramework.framework in Frameworks */,
				2264E6152AB2834800E56C44 /* FirebaseFirestore in Frameworks */,
				2264E6132AB2834800E56C44 /* FirebaseAuth in Frameworks */,
				2264E6172AB2834800E56C44 /* FirebaseFirestoreSwift in Frameworks */,
			);
			runOnlyForDeploymentPostprocessing = 0;
		};
		22F17B222AB27B9500D101F9 /* Frameworks */ = {
			isa = PBXFrameworksBuildPhase;
			buildActionMask = 2147483647;
			files = (
			);
			runOnlyForDeploymentPostprocessing = 0;
		};
		22F17B2C2AB27B9500D101F9 /* Frameworks */ = {
			isa = PBXFrameworksBuildPhase;
			buildActionMask = 2147483647;
			files = (
			);
			runOnlyForDeploymentPostprocessing = 0;
		};
/* End PBXFrameworksBuildPhase section */

/* Begin PBXGroup section */
		2221A7F12AB27D0E0005DE4A /* Model */ = {
			isa = PBXGroup;
			children = (
				2221A7F22AB27D0E0005DE4A /* Unity */,
				2221A7F42AB27D0E0005DE4A /* WelcomeView */,
				2221A7F62AB27D0E0005DE4A /* AppData.swift */,
				2221A7F72AB27D0E0005DE4A /* Goal.swift */,
				2221A7F82AB27D0E0005DE4A /* TasQuestTask.swift */,
				2221A7F92AB27D0E0005DE4A /* Status.swift */,
				2221A7FA2AB27D0E0005DE4A /* Tag.swift */,
				2221A7FB2AB27D0E0005DE4A /* AuthDataResultModel.swift */,
			);
			path = Model;
			sourceTree = "<group>";
		};
		2221A7F22AB27D0E0005DE4A /* Unity */ = {
			isa = PBXGroup;
			children = (
				2221A7F32AB27D0E0005DE4A /* Unity.swift */,
			);
			path = Unity;
			sourceTree = "<group>";
		};
		2221A7F42AB27D0E0005DE4A /* WelcomeView */ = {
			isa = PBXGroup;
			children = (
				2221A7F52AB27D0E0005DE4A /* PageModel.swift */,
			);
			path = WelcomeView;
			sourceTree = "<group>";
		};
		2221A7FC2AB27D0E0005DE4A /* View */ = {
			isa = PBXGroup;
			children = (
				2221A7FD2AB27D0E0005DE4A /* TagEditorView.swift */,
				2221A7FE2AB27D0E0005DE4A /* CreateGoalView.swift */,
				2221A7FF2AB27D0E0005DE4A /* CreateTaskView.swift */,
				2221A8002AB27D0E0005DE4A /* SignUpEmailView.swift */,
				2221A8012AB27D0E0005DE4A /* StatusView.swift */,
				2221A8022AB27D0E0005DE4A /* WelcomeView.swift */,
				2221A8032AB27D0E0005DE4A /* TaskView.swift */,
				2221A8042AB27D0E0005DE4A /* AuthenticationView.swift */,
				2221A8052AB27D0E0005DE4A /* TagView.swift */,
				2221A8062AB27D0E0005DE4A /* SignInEmailView.swift */,
				2221A8072AB27D0E0005DE4A /* SettingView.swift */,
				2221A8082AB27D0E0005DE4A /* PageView.swift */,
			);
			path = View;
			sourceTree = "<group>";
		};
		2221A8092AB27D0E0005DE4A /* ViewModel */ = {
			isa = PBXGroup;
			children = (
				2221A80A2AB27D0E0005DE4A /* SignUpViewModel.swift */,
				2221A80B2AB27D0E0005DE4A /* SettingViewModel.swift */,
				2221A80C2AB27D0E0005DE4A /* TaskViewModel.swift */,
				2221A80D2AB27D0E0005DE4A /* SignInEmailViewModel.swift */,
				2221A80E2AB27D0E0005DE4A /* StatusViewModel.swift */,
			);
			path = ViewModel;
			sourceTree = "<group>";
		};
		2221A8102AB27D0E0005DE4A /* Preview Content */ = {
			isa = PBXGroup;
			children = (
				2221A8112AB27D0E0005DE4A /* Preview Assets.xcassets */,
			);
			path = "Preview Content";
			sourceTree = "<group>";
		};
		2221A8122AB27D0E0005DE4A /* Module */ = {
			isa = PBXGroup;
			children = (
				2221A8132AB27D0E0005DE4A /* Throttler.swift */,
				2221A8142AB27D0E0005DE4A /* CustomEasing.swift */,
				2221A8152AB27D0E0005DE4A /* CADisplayLink+.swift */,
				2221A8162AB27D0E0005DE4A /* AuthenticationManager.swift */,
				2221A8172AB27D0E0005DE4A /* KeyboardResponder.swift */,
				2221A8182AB27D0E0005DE4A /* HostModelInput.swift */,
				2221A8192AB27D0E0005DE4A /* FireStoreManager.swift */,
			);
			path = Module;
			sourceTree = "<group>";
		};
		2264E6092AB2812600E56C44 /* Frameworks */ = {
			isa = PBXGroup;
			children = (
				2264E60A2AB2812600E56C44 /* UnityFramework.framework */,
			);
			name = Frameworks;
			sourceTree = "<group>";
		};
		22F17B0C2AB27B9400D101F9 = {
			isa = PBXGroup;
			children = (
				2221A80F2AB27D0E0005DE4A /* Assets.xcassets */,
				2221A81A2AB27D0E0005DE4A /* GoogleService-Info.plist */,
				2221A7F12AB27D0E0005DE4A /* Model */,
				2221A8122AB27D0E0005DE4A /* Module */,
				2221A8102AB27D0E0005DE4A /* Preview Content */,
				2221A81B2AB27D0E0005DE4A /* TasQuestApp.swift */,
				2221A7FC2AB27D0E0005DE4A /* View */,
				2221A8092AB27D0E0005DE4A /* ViewModel */,
				22F17B162AB27B9400D101F9 /* Products */,
				2221A7F02AB27D0E0005DE4A /* TasQuest-Bridging-Header.h */,
				2264E6092AB2812600E56C44 /* Frameworks */,
			);
			sourceTree = "<group>";
		};
		22F17B162AB27B9400D101F9 /* Products */ = {
			isa = PBXGroup;
			children = (
				22F17B152AB27B9400D101F9 /* TasQuest.app */,
				22F17B252AB27B9500D101F9 /* TasQuestTests.xctest */,
				22F17B2F2AB27B9500D101F9 /* TasQuestUITests.xctest */,
			);
			name = Products;
			sourceTree = "<group>";
		};
/* End PBXGroup section */

/* Begin PBXNativeTarget section */
		22F17B142AB27B9400D101F9 /* TasQuest */ = {
			isa = PBXNativeTarget;
			buildConfigurationList = 22F17B392AB27B9500D101F9 /* Build configuration list for PBXNativeTarget "TasQuest" */;
			buildPhases = (
				22F17B112AB27B9400D101F9 /* Sources */,
				22F17B122AB27B9400D101F9 /* Frameworks */,
				22F17B132AB27B9400D101F9 /* Resources */,
				2264E60D2AB2812600E56C44 /* Embed Frameworks */,
			);
			buildRules = (
			);
			dependencies = (
			);
			name = TasQuest;
			packageProductDependencies = (
				2264E60E2AB2834800E56C44 /* FirebaseAnalytics */,
				2264E6102AB2834800E56C44 /* FirebaseAnalyticsSwift */,
				2264E6122AB2834800E56C44 /* FirebaseAuth */,
				2264E6142AB2834800E56C44 /* FirebaseFirestore */,
				2264E6162AB2834800E56C44 /* FirebaseFirestoreSwift */,
			);
			productName = TasQuest;
			productReference = 22F17B152AB27B9400D101F9 /* TasQuest.app */;
			productType = "com.apple.product-type.application";
		};
		22F17B242AB27B9500D101F9 /* TasQuestTests */ = {
			isa = PBXNativeTarget;
			buildConfigurationList = 22F17B3C2AB27B9500D101F9 /* Build configuration list for PBXNativeTarget "TasQuestTests" */;
			buildPhases = (
				22F17B212AB27B9500D101F9 /* Sources */,
				22F17B222AB27B9500D101F9 /* Frameworks */,
				22F17B232AB27B9500D101F9 /* Resources */,
			);
			buildRules = (
			);
			dependencies = (
				22F17B272AB27B9500D101F9 /* PBXTargetDependency */,
			);
			name = TasQuestTests;
			productName = TasQuestTests;
			productReference = 22F17B252AB27B9500D101F9 /* TasQuestTests.xctest */;
			productType = "com.apple.product-type.bundle.unit-test";
		};
		22F17B2E2AB27B9500D101F9 /* TasQuestUITests */ = {
			isa = PBXNativeTarget;
			buildConfigurationList = 22F17B3F2AB27B9500D101F9 /* Build configuration list for PBXNativeTarget "TasQuestUITests" */;
			buildPhases = (
				22F17B2B2AB27B9500D101F9 /* Sources */,
				22F17B2C2AB27B9500D101F9 /* Frameworks */,
				22F17B2D2AB27B9500D101F9 /* Resources */,
			);
			buildRules = (
			);
			dependencies = (
				22F17B312AB27B9500D101F9 /* PBXTargetDependency */,
			);
			name = TasQuestUITests;
			productName = TasQuestUITests;
			productReference = 22F17B2F2AB27B9500D101F9 /* TasQuestUITests.xctest */;
			productType = "com.apple.product-type.bundle.ui-testing";
		};
/* End PBXNativeTarget section */

/* Begin PBXProject section */
		22F17B0D2AB27B9400D101F9 /* Project object */ = {
			isa = PBXProject;
			attributes = {
				BuildIndependentTargetsInParallel = 1;
				LastSwiftUpdateCheck = 1430;
				LastUpgradeCheck = 1430;
				TargetAttributes = {
					22F17B142AB27B9400D101F9 = {
						CreatedOnToolsVersion = 14.3.1;
						LastSwiftMigration = 1430;
					};
					22F17B242AB27B9500D101F9 = {
						CreatedOnToolsVersion = 14.3.1;
						TestTargetID = 22F17B142AB27B9400D101F9;
					};
					22F17B2E2AB27B9500D101F9 = {
						CreatedOnToolsVersion = 14.3.1;
						TestTargetID = 22F17B142AB27B9400D101F9;
					};
				};
			};
			buildConfigurationList = 22F17B102AB27B9400D101F9 /* Build configuration list for PBXProject "TasQuest" */;
			compatibilityVersion = "Xcode 14.0";
			developmentRegion = en;
			hasScannedForEncodings = 0;
			knownRegions = (
				en,
				Base,
			);
			mainGroup = 22F17B0C2AB27B9400D101F9;
			packageReferences = (
				2221A8402AB280080005DE4A /* XCRemoteSwiftPackageReference "firebase-ios-sdk" */,
			);
			productRefGroup = 22F17B162AB27B9400D101F9 /* Products */;
			projectDirPath = "";
			projectRoot = "";
			targets = (
				22F17B142AB27B9400D101F9 /* TasQuest */,
				22F17B242AB27B9500D101F9 /* TasQuestTests */,
				22F17B2E2AB27B9500D101F9 /* TasQuestUITests */,
			);
		};
/* End PBXProject section */

/* Begin PBXResourcesBuildPhase section */
		22F17B132AB27B9400D101F9 /* Resources */ = {
			isa = PBXResourcesBuildPhase;
			buildActionMask = 2147483647;
			files = (
				2221A8362AB27D0E0005DE4A /* Preview Assets.xcassets in Resources */,
				2221A8352AB27D0E0005DE4A /* Assets.xcassets in Resources */,
				2221A83E2AB27D0E0005DE4A /* GoogleService-Info.plist in Resources */,
			);
			runOnlyForDeploymentPostprocessing = 0;
		};
		22F17B232AB27B9500D101F9 /* Resources */ = {
			isa = PBXResourcesBuildPhase;
			buildActionMask = 2147483647;
			files = (
			);
			runOnlyForDeploymentPostprocessing = 0;
		};
		22F17B2D2AB27B9500D101F9 /* Resources */ = {
			isa = PBXResourcesBuildPhase;
			buildActionMask = 2147483647;
			files = (
			);
			runOnlyForDeploymentPostprocessing = 0;
		};
/* End PBXResourcesBuildPhase section */

/* Begin PBXSourcesBuildPhase section */
		22F17B112AB27B9400D101F9 /* Sources */ = {
			isa = PBXSourcesBuildPhase;
			buildActionMask = 2147483647;
			files = (
				2221A82C2AB27D0E0005DE4A /* TagView.swift in Sources */,
				2221A8232AB27D0E0005DE4A /* AuthDataResultModel.swift in Sources */,
				2221A8322AB27D0E0005DE4A /* TaskViewModel.swift in Sources */,
				2221A8282AB27D0E0005DE4A /* StatusView.swift in Sources */,
				2221A81F2AB27D0E0005DE4A /* Goal.swift in Sources */,
				2221A82A2AB27D0E0005DE4A /* TaskView.swift in Sources */,
				2221A8392AB27D0E0005DE4A /* CADisplayLink+.swift in Sources */,
				2221A82F2AB27D0E0005DE4A /* PageView.swift in Sources */,
				2221A8242AB27D0E0005DE4A /* TagEditorView.swift in Sources */,
				2221A81D2AB27D0E0005DE4A /* PageModel.swift in Sources */,
				2221A82D2AB27D0E0005DE4A /* SignInEmailView.swift in Sources */,
				2221A8372AB27D0E0005DE4A /* Throttler.swift in Sources */,
				2221A81C2AB27D0E0005DE4A /* Unity.swift in Sources */,
				2221A8222AB27D0E0005DE4A /* Tag.swift in Sources */,
				2221A82E2AB27D0E0005DE4A /* SettingView.swift in Sources */,
				2221A81E2AB27D0E0005DE4A /* AppData.swift in Sources */,
				2221A8302AB27D0E0005DE4A /* SignUpViewModel.swift in Sources */,
				2221A8202AB27D0E0005DE4A /* TasQuestTask.swift in Sources */,
				2221A8262AB27D0E0005DE4A /* CreateTaskView.swift in Sources */,
				2221A83C2AB27D0E0005DE4A /* HostModelInput.swift in Sources */,
				2221A83A2AB27D0E0005DE4A /* AuthenticationManager.swift in Sources */,
				2221A8332AB27D0E0005DE4A /* SignInEmailViewModel.swift in Sources */,
				2221A8272AB27D0E0005DE4A /* SignUpEmailView.swift in Sources */,
				2221A8212AB27D0E0005DE4A /* Status.swift in Sources */,
				2221A83B2AB27D0E0005DE4A /* KeyboardResponder.swift in Sources */,
				2221A8382AB27D0E0005DE4A /* CustomEasing.swift in Sources */,
				2221A8252AB27D0E0005DE4A /* CreateGoalView.swift in Sources */,
				2221A8342AB27D0E0005DE4A /* StatusViewModel.swift in Sources */,
				2221A8312AB27D0E0005DE4A /* SettingViewModel.swift in Sources */,
				2221A83F2AB27D0E0005DE4A /* TasQuestApp.swift in Sources */,
				2221A82B2AB27D0E0005DE4A /* AuthenticationView.swift in Sources */,
				2221A8292AB27D0E0005DE4A /* WelcomeView.swift in Sources */,
				2221A83D2AB27D0E0005DE4A /* FireStoreManager.swift in Sources */,
			);
			runOnlyForDeploymentPostprocessing = 0;
		};
		22F17B212AB27B9500D101F9 /* Sources */ = {
			isa = PBXSourcesBuildPhase;
			buildActionMask = 2147483647;
			files = (
			);
			runOnlyForDeploymentPostprocessing = 0;
		};
		22F17B2B2AB27B9500D101F9 /* Sources */ = {
			isa = PBXSourcesBuildPhase;
			buildActionMask = 2147483647;
			files = (
			);
			runOnlyForDeploymentPostprocessing = 0;
		};
/* End PBXSourcesBuildPhase section */

/* Begin PBXTargetDependency section */
		22F17B272AB27B9500D101F9 /* PBXTargetDependency */ = {
			isa = PBXTargetDependency;
			target = 22F17B142AB27B9400D101F9 /* TasQuest */;
			targetProxy = 22F17B262AB27B9500D101F9 /* PBXContainerItemProxy */;
		};
		22F17B312AB27B9500D101F9 /* PBXTargetDependency */ = {
			isa = PBXTargetDependency;
			target = 22F17B142AB27B9400D101F9 /* TasQuest */;
			targetProxy = 22F17B302AB27B9500D101F9 /* PBXContainerItemProxy */;
		};
/* End PBXTargetDependency section */

/* Begin XCBuildConfiguration section */
		22F17B372AB27B9500D101F9 /* Debug */ = {
			isa = XCBuildConfiguration;
			buildSettings = {
				ALWAYS_SEARCH_USER_PATHS = NO;
				CLANG_ANALYZER_NONNULL = YES;
				CLANG_ANALYZER_NUMBER_OBJECT_CONVERSION = YES_AGGRESSIVE;
				CLANG_CXX_LANGUAGE_STANDARD = "gnu++20";
				CLANG_ENABLE_MODULES = YES;
				CLANG_ENABLE_OBJC_ARC = YES;
				CLANG_ENABLE_OBJC_WEAK = YES;
				CLANG_WARN_BLOCK_CAPTURE_AUTORELEASING = YES;
				CLANG_WARN_BOOL_CONVERSION = YES;
				CLANG_WARN_COMMA = YES;
				CLANG_WARN_CONSTANT_CONVERSION = YES;
				CLANG_WARN_DEPRECATED_OBJC_IMPLEMENTATIONS = YES;
				CLANG_WARN_DIRECT_OBJC_ISA_USAGE = YES_ERROR;
				CLANG_WARN_DOCUMENTATION_COMMENTS = YES;
				CLANG_WARN_EMPTY_BODY = YES;
				CLANG_WARN_ENUM_CONVERSION = YES;
				CLANG_WARN_INFINITE_RECURSION = YES;
				CLANG_WARN_INT_CONVERSION = YES;
				CLANG_WARN_NON_LITERAL_NULL_CONVERSION = YES;
				CLANG_WARN_OBJC_IMPLICIT_RETAIN_SELF = YES;
				CLANG_WARN_OBJC_LITERAL_CONVERSION = YES;
				CLANG_WARN_OBJC_ROOT_CLASS = YES_ERROR;
				CLANG_WARN_QUOTED_INCLUDE_IN_FRAMEWORK_HEADER = YES;
				CLANG_WARN_RANGE_LOOP_ANALYSIS = YES;
				CLANG_WARN_STRICT_PROTOTYPES = YES;
				CLANG_WARN_SUSPICIOUS_MOVE = YES;
				CLANG_WARN_UNGUARDED_AVAILABILITY = YES_AGGRESSIVE;
				CLANG_WARN_UNREACHABLE_CODE = YES;
				CLANG_WARN__DUPLICATE_METHOD_MATCH = YES;
				COPY_PHASE_STRIP = NO;
				DEBUG_INFORMATION_FORMAT = dwarf;
				ENABLE_STRICT_OBJC_MSGSEND = YES;
				ENABLE_TESTABILITY = YES;
				GCC_C_LANGUAGE_STANDARD = gnu11;
				GCC_DYNAMIC_NO_PIC = NO;
				GCC_NO_COMMON_BLOCKS = YES;
				GCC_OPTIMIZATION_LEVEL = 0;
				GCC_PREPROCESSOR_DEFINITIONS = (
					"DEBUG=1",
					"$(inherited)",
				);
				GCC_WARN_64_TO_32_BIT_CONVERSION = YES;
				GCC_WARN_ABOUT_RETURN_TYPE = YES_ERROR;
				GCC_WARN_UNDECLARED_SELECTOR = YES;
				GCC_WARN_UNINITIALIZED_AUTOS = YES_AGGRESSIVE;
				GCC_WARN_UNUSED_FUNCTION = YES;
				GCC_WARN_UNUSED_VARIABLE = YES;
				IPHONEOS_DEPLOYMENT_TARGET = 16.4;
				MTL_ENABLE_DEBUG_INFO = INCLUDE_SOURCE;
				MTL_FAST_MATH = YES;
				ONLY_ACTIVE_ARCH = YES;
				SDKROOT = iphoneos;
				SWIFT_ACTIVE_COMPILATION_CONDITIONS = DEBUG;
				SWIFT_OPTIMIZATION_LEVEL = "-Onone";
			};
			name = Debug;
		};
		22F17B382AB27B9500D101F9 /* Release */ = {
			isa = XCBuildConfiguration;
			buildSettings = {
				ALWAYS_SEARCH_USER_PATHS = NO;
				CLANG_ANALYZER_NONNULL = YES;
				CLANG_ANALYZER_NUMBER_OBJECT_CONVERSION = YES_AGGRESSIVE;
				CLANG_CXX_LANGUAGE_STANDARD = "gnu++20";
				CLANG_ENABLE_MODULES = YES;
				CLANG_ENABLE_OBJC_ARC = YES;
				CLANG_ENABLE_OBJC_WEAK = YES;
				CLANG_WARN_BLOCK_CAPTURE_AUTORELEASING = YES;
				CLANG_WARN_BOOL_CONVERSION = YES;
				CLANG_WARN_COMMA = YES;
				CLANG_WARN_CONSTANT_CONVERSION = YES;
				CLANG_WARN_DEPRECATED_OBJC_IMPLEMENTATIONS = YES;
				CLANG_WARN_DIRECT_OBJC_ISA_USAGE = YES_ERROR;
				CLANG_WARN_DOCUMENTATION_COMMENTS = YES;
				CLANG_WARN_EMPTY_BODY = YES;
				CLANG_WARN_ENUM_CONVERSION = YES;
				CLANG_WARN_INFINITE_RECURSION = YES;
				CLANG_WARN_INT_CONVERSION = YES;
				CLANG_WARN_NON_LITERAL_NULL_CONVERSION = YES;
				CLANG_WARN_OBJC_IMPLICIT_RETAIN_SELF = YES;
				CLANG_WARN_OBJC_LITERAL_CONVERSION = YES;
				CLANG_WARN_OBJC_ROOT_CLASS = YES_ERROR;
				CLANG_WARN_QUOTED_INCLUDE_IN_FRAMEWORK_HEADER = YES;
				CLANG_WARN_RANGE_LOOP_ANALYSIS = YES;
				CLANG_WARN_STRICT_PROTOTYPES = YES;
				CLANG_WARN_SUSPICIOUS_MOVE = YES;
				CLANG_WARN_UNGUARDED_AVAILABILITY = YES_AGGRESSIVE;
				CLANG_WARN_UNREACHABLE_CODE = YES;
				CLANG_WARN__DUPLICATE_METHOD_MATCH = YES;
				COPY_PHASE_STRIP = NO;
				DEBUG_INFORMATION_FORMAT = "dwarf-with-dsym";
				ENABLE_NS_ASSERTIONS = NO;
				ENABLE_STRICT_OBJC_MSGSEND = YES;
				GCC_C_LANGUAGE_STANDARD = gnu11;
				GCC_NO_COMMON_BLOCKS = YES;
				GCC_WARN_64_TO_32_BIT_CONVERSION = YES;
				GCC_WARN_ABOUT_RETURN_TYPE = YES_ERROR;
				GCC_WARN_UNDECLARED_SELECTOR = YES;
				GCC_WARN_UNINITIALIZED_AUTOS = YES_AGGRESSIVE;
				GCC_WARN_UNUSED_FUNCTION = YES;
				GCC_WARN_UNUSED_VARIABLE = YES;
				IPHONEOS_DEPLOYMENT_TARGET = 16.4;
				MTL_ENABLE_DEBUG_INFO = NO;
				MTL_FAST_MATH = YES;
				SDKROOT = iphoneos;
				SWIFT_COMPILATION_MODE = wholemodule;
				SWIFT_OPTIMIZATION_LEVEL = "-O";
				VALIDATE_PRODUCT = YES;
			};
			name = Release;
		};
		22F17B3A2AB27B9500D101F9 /* Debug */ = {
			isa = XCBuildConfiguration;
			buildSettings = {
				ASSETCATALOG_COMPILER_APPICON_NAME = AppIcon;
				ASSETCATALOG_COMPILER_GLOBAL_ACCENT_COLOR_NAME = AccentColor;
				CLANG_ENABLE_MODULES = YES;
				CODE_SIGN_STYLE = Automatic;
				CURRENT_PROJECT_VERSION = 1;
				DEVELOPMENT_ASSET_PATHS = "";
				DEVELOPMENT_TEAM = 3J329298Z2;
				ENABLE_PREVIEWS = YES;
				GENERATE_INFOPLIST_FILE = YES;
				INFOPLIST_KEY_UIApplicationSceneManifest_Generation = YES;
				INFOPLIST_KEY_UIApplicationSupportsIndirectInputEvents = YES;
				INFOPLIST_KEY_UILaunchScreen_Generation = YES;
				INFOPLIST_KEY_UISupportedInterfaceOrientations_iPad = "UIInterfaceOrientationPortrait UIInterfaceOrientationPortraitUpsideDown UIInterfaceOrientationLandscapeLeft UIInterfaceOrientationLandscapeRight";
				INFOPLIST_KEY_UISupportedInterfaceOrientations_iPhone = "UIInterfaceOrientationPortrait UIInterfaceOrientationLandscapeLeft UIInterfaceOrientationLandscapeRight";
				LD_RUNPATH_SEARCH_PATHS = (
					"$(inherited)",
					"@executable_path/Frameworks",
				);
				MARKETING_VERSION = 1.0;
				PRODUCT_BUNDLE_IDENTIFIER = GreenTeaProgrammers.TasQuest;
				PRODUCT_NAME = "$(TARGET_NAME)";
				SWIFT_EMIT_LOC_STRINGS = YES;
				SWIFT_OBJC_BRIDGING_HEADER = "TasQuest-Bridging-Header.h";
				SWIFT_OPTIMIZATION_LEVEL = "-Onone";
				SWIFT_VERSION = 5.0;
				TARGETED_DEVICE_FAMILY = "1,2";
			};
			name = Debug;
		};
		22F17B3B2AB27B9500D101F9 /* Release */ = {
			isa = XCBuildConfiguration;
			buildSettings = {
				ASSETCATALOG_COMPILER_APPICON_NAME = AppIcon;
				ASSETCATALOG_COMPILER_GLOBAL_ACCENT_COLOR_NAME = AccentColor;
				CLANG_ENABLE_MODULES = YES;
				CODE_SIGN_STYLE = Automatic;
				CURRENT_PROJECT_VERSION = 1;
				DEVELOPMENT_ASSET_PATHS = "";
				DEVELOPMENT_TEAM = 3J329298Z2;
				ENABLE_PREVIEWS = YES;
				GENERATE_INFOPLIST_FILE = YES;
				INFOPLIST_KEY_UIApplicationSceneManifest_Generation = YES;
				INFOPLIST_KEY_UIApplicationSupportsIndirectInputEvents = YES;
				INFOPLIST_KEY_UILaunchScreen_Generation = YES;
				INFOPLIST_KEY_UISupportedInterfaceOrientations_iPad = "UIInterfaceOrientationPortrait UIInterfaceOrientationPortraitUpsideDown UIInterfaceOrientationLandscapeLeft UIInterfaceOrientationLandscapeRight";
				INFOPLIST_KEY_UISupportedInterfaceOrientations_iPhone = "UIInterfaceOrientationPortrait UIInterfaceOrientationLandscapeLeft UIInterfaceOrientationLandscapeRight";
				LD_RUNPATH_SEARCH_PATHS = (
					"$(inherited)",
					"@executable_path/Frameworks",
				);
				MARKETING_VERSION = 1.0;
				PRODUCT_BUNDLE_IDENTIFIER = GreenTeaProgrammers.TasQuest;
				PRODUCT_NAME = "$(TARGET_NAME)";
				SWIFT_EMIT_LOC_STRINGS = YES;
				SWIFT_OBJC_BRIDGING_HEADER = "TasQuest-Bridging-Header.h";
				SWIFT_VERSION = 5.0;
				TARGETED_DEVICE_FAMILY = "1,2";
			};
			name = Release;
		};
		22F17B3D2AB27B9500D101F9 /* Debug */ = {
			isa = XCBuildConfiguration;
			buildSettings = {
				ALWAYS_EMBED_SWIFT_STANDARD_LIBRARIES = YES;
				BUNDLE_LOADER = "$(TEST_HOST)";
				CODE_SIGN_STYLE = Automatic;
				CURRENT_PROJECT_VERSION = 1;
				DEVELOPMENT_TEAM = 3J329298Z2;
				GENERATE_INFOPLIST_FILE = YES;
				IPHONEOS_DEPLOYMENT_TARGET = 16.4;
				MARKETING_VERSION = 1.0;
				PRODUCT_BUNDLE_IDENTIFIER = GreenTeaProgrammers.TasQuestTests;
				PRODUCT_NAME = "$(TARGET_NAME)";
				SWIFT_EMIT_LOC_STRINGS = NO;
				SWIFT_VERSION = 5.0;
				TARGETED_DEVICE_FAMILY = "1,2";
				TEST_HOST = "$(BUILT_PRODUCTS_DIR)/TasQuest.app/$(BUNDLE_EXECUTABLE_FOLDER_PATH)/TasQuest";
			};
			name = Debug;
		};
		22F17B3E2AB27B9500D101F9 /* Release */ = {
			isa = XCBuildConfiguration;
			buildSettings = {
				ALWAYS_EMBED_SWIFT_STANDARD_LIBRARIES = YES;
				BUNDLE_LOADER = "$(TEST_HOST)";
				CODE_SIGN_STYLE = Automatic;
				CURRENT_PROJECT_VERSION = 1;
				DEVELOPMENT_TEAM = 3J329298Z2;
				GENERATE_INFOPLIST_FILE = YES;
				IPHONEOS_DEPLOYMENT_TARGET = 16.4;
				MARKETING_VERSION = 1.0;
				PRODUCT_BUNDLE_IDENTIFIER = GreenTeaProgrammers.TasQuestTests;
				PRODUCT_NAME = "$(TARGET_NAME)";
				SWIFT_EMIT_LOC_STRINGS = NO;
				SWIFT_VERSION = 5.0;
				TARGETED_DEVICE_FAMILY = "1,2";
				TEST_HOST = "$(BUILT_PRODUCTS_DIR)/TasQuest.app/$(BUNDLE_EXECUTABLE_FOLDER_PATH)/TasQuest";
			};
			name = Release;
		};
		22F17B402AB27B9500D101F9 /* Debug */ = {
			isa = XCBuildConfiguration;
			buildSettings = {
				ALWAYS_EMBED_SWIFT_STANDARD_LIBRARIES = YES;
				CODE_SIGN_STYLE = Automatic;
				CURRENT_PROJECT_VERSION = 1;
				DEVELOPMENT_TEAM = 3J329298Z2;
				GENERATE_INFOPLIST_FILE = YES;
				MARKETING_VERSION = 1.0;
				PRODUCT_BUNDLE_IDENTIFIER = GreenTeaProgrammers.TasQuestUITests;
				PRODUCT_NAME = "$(TARGET_NAME)";
				SWIFT_EMIT_LOC_STRINGS = NO;
				SWIFT_VERSION = 5.0;
				TARGETED_DEVICE_FAMILY = "1,2";
				TEST_TARGET_NAME = TasQuest;
			};
			name = Debug;
		};
		22F17B412AB27B9500D101F9 /* Release */ = {
			isa = XCBuildConfiguration;
			buildSettings = {
				ALWAYS_EMBED_SWIFT_STANDARD_LIBRARIES = YES;
				CODE_SIGN_STYLE = Automatic;
				CURRENT_PROJECT_VERSION = 1;
				DEVELOPMENT_TEAM = 3J329298Z2;
				GENERATE_INFOPLIST_FILE = YES;
				MARKETING_VERSION = 1.0;
				PRODUCT_BUNDLE_IDENTIFIER = GreenTeaProgrammers.TasQuestUITests;
				PRODUCT_NAME = "$(TARGET_NAME)";
				SWIFT_EMIT_LOC_STRINGS = NO;
				SWIFT_VERSION = 5.0;
				TARGETED_DEVICE_FAMILY = "1,2";
				TEST_TARGET_NAME = TasQuest;
			};
			name = Release;
		};
/* End XCBuildConfiguration section */

/* Begin XCConfigurationList section */
		22F17B102AB27B9400D101F9 /* Build configuration list for PBXProject "TasQuest" */ = {
			isa = XCConfigurationList;
			buildConfigurations = (
				22F17B372AB27B9500D101F9 /* Debug */,
				22F17B382AB27B9500D101F9 /* Release */,
			);
			defaultConfigurationIsVisible = 0;
			defaultConfigurationName = Release;
		};
		22F17B392AB27B9500D101F9 /* Build configuration list for PBXNativeTarget "TasQuest" */ = {
			isa = XCConfigurationList;
			buildConfigurations = (
				22F17B3A2AB27B9500D101F9 /* Debug */,
				22F17B3B2AB27B9500D101F9 /* Release */,
			);
			defaultConfigurationIsVisible = 0;
			defaultConfigurationName = Release;
		};
		22F17B3C2AB27B9500D101F9 /* Build configuration list for PBXNativeTarget "TasQuestTests" */ = {
			isa = XCConfigurationList;
			buildConfigurations = (
				22F17B3D2AB27B9500D101F9 /* Debug */,
				22F17B3E2AB27B9500D101F9 /* Release */,
			);
			defaultConfigurationIsVisible = 0;
			defaultConfigurationName = Release;
		};
		22F17B3F2AB27B9500D101F9 /* Build configuration list for PBXNativeTarget "TasQuestUITests" */ = {
			isa = XCConfigurationList;
			buildConfigurations = (
				22F17B402AB27B9500D101F9 /* Debug */,
				22F17B412AB27B9500D101F9 /* Release */,
			);
			defaultConfigurationIsVisible = 0;
			defaultConfigurationName = Release;
		};
/* End XCConfigurationList section */

/* Begin XCRemoteSwiftPackageReference section */
		2221A8402AB280080005DE4A /* XCRemoteSwiftPackageReference "firebase-ios-sdk" */ = {
			isa = XCRemoteSwiftPackageReference;
			repositoryURL = "https://github.com/firebase/firebase-ios-sdk.git";
			requirement = {
				kind = exactVersion;
				version = 10.14.0;
			};
		};
/* End XCRemoteSwiftPackageReference section */

/* Begin XCSwiftPackageProductDependency section */
		2264E60E2AB2834800E56C44 /* FirebaseAnalytics */ = {
			isa = XCSwiftPackageProductDependency;
			package = 2221A8402AB280080005DE4A /* XCRemoteSwiftPackageReference "firebase-ios-sdk" */;
			productName = FirebaseAnalytics;
		};
		2264E6102AB2834800E56C44 /* FirebaseAnalyticsSwift */ = {
			isa = XCSwiftPackageProductDependency;
			package = 2221A8402AB280080005DE4A /* XCRemoteSwiftPackageReference "firebase-ios-sdk" */;
			productName = FirebaseAnalyticsSwift;
		};
		2264E6122AB2834800E56C44 /* FirebaseAuth */ = {
			isa = XCSwiftPackageProductDependency;
			package = 2221A8402AB280080005DE4A /* XCRemoteSwiftPackageReference "firebase-ios-sdk" */;
			productName = FirebaseAuth;
		};
		2264E6142AB2834800E56C44 /* FirebaseFirestore */ = {
			isa = XCSwiftPackageProductDependency;
			package = 2221A8402AB280080005DE4A /* XCRemoteSwiftPackageReference "firebase-ios-sdk" */;
			productName = FirebaseFirestore;
		};
		2264E6162AB2834800E56C44 /* FirebaseFirestoreSwift */ = {
			isa = XCSwiftPackageProductDependency;
			package = 2221A8402AB280080005DE4A /* XCRemoteSwiftPackageReference "firebase-ios-sdk" */;
			productName = FirebaseFirestoreSwift;
		};
/* End XCSwiftPackageProductDependency section */
	};
	rootObject = 22F17B0D2AB27B9400D101F9 /* Project object */;
}
